// !$*UTF8*$!
{
	archiveVersion = 1;
	classes = {
	};
	objectVersion = 46;
	objects = {

/* Begin PBXBuildFile section */
		13B07FBC1A68108700A75B9A /* AppDelegate.m in Sources */ = {isa = PBXBuildFile; fileRef = 13B07FB01A68108700A75B9A /* AppDelegate.m */; };
		13B07FBF1A68108700A75B9A /* Images.xcassets in Resources */ = {isa = PBXBuildFile; fileRef = 13B07FB51A68108700A75B9A /* Images.xcassets */; };
		13B07FC11A68108700A75B9A /* main.m in Sources */ = {isa = PBXBuildFile; fileRef = 13B07FB71A68108700A75B9A /* main.m */; };
		14E1C19D23FBB83D00DAAA75 /* Localizable_EN.strings in Resources */ = {isa = PBXBuildFile; fileRef = 14E1C19A23FBB83D00DAAA75 /* Localizable_EN.strings */; };
		14E1C19E23FBB83D00DAAA75 /* Localizable_SC.strings in Resources */ = {isa = PBXBuildFile; fileRef = 14E1C19B23FBB83D00DAAA75 /* Localizable_SC.strings */; };
		14E1C19F23FBB83D00DAAA75 /* Localizable_TC.strings in Resources */ = {isa = PBXBuildFile; fileRef = 14E1C19C23FBB83D00DAAA75 /* Localizable_TC.strings */; };
		14E1C1DD23FD2B9800DAAA75 /* SwitchTableViewCell.m in Sources */ = {isa = PBXBuildFile; fileRef = 14E1C1A123FD2B9700DAAA75 /* SwitchTableViewCell.m */; };
		14E1C1DE23FD2B9800DAAA75 /* JFSettingViewController.m in Sources */ = {isa = PBXBuildFile; fileRef = 14E1C1A323FD2B9700DAAA75 /* JFSettingViewController.m */; };
		14E1C1DF23FD2B9800DAAA75 /* ConfigTableViewCell.xib in Resources */ = {isa = PBXBuildFile; fileRef = 14E1C1A423FD2B9700DAAA75 /* ConfigTableViewCell.xib */; };
		14E1C1E023FD2B9800DAAA75 /* AppConfig.plist in Resources */ = {isa = PBXBuildFile; fileRef = 14E1C1A623FD2B9700DAAA75 /* AppConfig.plist */; };
		14E1C1E123FD2B9800DAAA75 /* JFDeveloperViewController.m in Sources */ = {isa = PBXBuildFile; fileRef = 14E1C1A723FD2B9700DAAA75 /* JFDeveloperViewController.m */; };
		14E1C1E223FD2B9800DAAA75 /* JFFailureViewController.m in Sources */ = {isa = PBXBuildFile; fileRef = 14E1C1AA23FD2B9700DAAA75 /* JFFailureViewController.m */; };
		14E1C1E323FD2B9800DAAA75 /* ConfigTableViewCell.m in Sources */ = {isa = PBXBuildFile; fileRef = 14E1C1AC23FD2B9700DAAA75 /* ConfigTableViewCell.m */; };
		14E1C1E423FD2B9800DAAA75 /* SwitchTableViewCell.xib in Resources */ = {isa = PBXBuildFile; fileRef = 14E1C1AE23FD2B9700DAAA75 /* SwitchTableViewCell.xib */; };
		14E1C1E523FD2B9800DAAA75 /* AppConfigViewController.m in Sources */ = {isa = PBXBuildFile; fileRef = 14E1C1AF23FD2B9700DAAA75 /* AppConfigViewController.m */; };
		14E1C1E623FD2B9800DAAA75 /* FBYDevicetokenUpload.m in Sources */ = {isa = PBXBuildFile; fileRef = 14E1C1B323FD2B9700DAAA75 /* FBYDevicetokenUpload.m */; };
		14E1C1E723FD2B9800DAAA75 /* TokenManager.m in Sources */ = {isa = PBXBuildFile; fileRef = 14E1C1B423FD2B9700DAAA75 /* TokenManager.m */; };
		14E1C1E923FD2B9800DAAA75 /* faultimage.png in Resources */ = {isa = PBXBuildFile; fileRef = 14E1C1B723FD2B9800DAAA75 /* faultimage.png */; };
		14E1C1EA23FD2B9800DAAA75 /* launchimage@2x.png in Resources */ = {isa = PBXBuildFile; fileRef = 14E1C1B823FD2B9800DAAA75 /* launchimage@2x.png */; };
		14E1C1EB23FD2B9800DAAA75 /* libstdc++.6.0.9.tbd in Frameworks */ = {isa = PBXBuildFile; fileRef = 14E1C1B923FD2B9800DAAA75 /* libstdc++.6.0.9.tbd */; };
		14E1C1EC23FD2B9800DAAA75 /* icon.png in Resources */ = {isa = PBXBuildFile; fileRef = 14E1C1BA23FD2B9800DAAA75 /* icon.png */; };
		14E1C1ED23FD2B9800DAAA75 /* more-white@3x.png in Resources */ = {isa = PBXBuildFile; fileRef = 14E1C1BB23FD2B9800DAAA75 /* more-white@3x.png */; };
		14E1C1EE23FD2B9800DAAA75 /* smallIcon.png in Resources */ = {isa = PBXBuildFile; fileRef = 14E1C1BC23FD2B9800DAAA75 /* smallIcon.png */; };
		14E1C1EF23FD2B9800DAAA75 /* WeiboSDK.bundle in Resources */ = {isa = PBXBuildFile; fileRef = 14E1C1BD23FD2B9800DAAA75 /* WeiboSDK.bundle */; };
		14E1C1F023FD2B9800DAAA75 /* launchimage@3x.png in Resources */ = {isa = PBXBuildFile; fileRef = 14E1C1BE23FD2B9800DAAA75 /* launchimage@3x.png */; };
		14E1C1F123FD2B9800DAAA75 /* close-black@3x.png in Resources */ = {isa = PBXBuildFile; fileRef = 14E1C1BF23FD2B9800DAAA75 /* close-black@3x.png */; };
		14E1C1F223FD2B9800DAAA75 /* browser.bundle in Resources */ = {isa = PBXBuildFile; fileRef = 14E1C1C023FD2B9800DAAA75 /* browser.bundle */; };
		14E1C1F323FD2B9800DAAA75 /* TencentOpenApi_IOS_Bundle.bundle in Resources */ = {isa = PBXBuildFile; fileRef = 14E1C1C123FD2B9800DAAA75 /* TencentOpenApi_IOS_Bundle.bundle */; };
		14E1C1F423FD2B9800DAAA75 /* MediaPlugin.bundle in Resources */ = {isa = PBXBuildFile; fileRef = 14E1C1C223FD2B9800DAAA75 /* MediaPlugin.bundle */; };
		14E1C1F523FD2B9800DAAA75 /* more-black@3x.png in Resources */ = {isa = PBXBuildFile; fileRef = 14E1C1C323FD2B9800DAAA75 /* more-black@3x.png */; };
		14E1C1F623FD2B9800DAAA75 /* anticon.ttf in Resources */ = {isa = PBXBuildFile; fileRef = 14E1C1C423FD2B9800DAAA75 /* anticon.ttf */; };
		14E1C1F723FD2B9800DAAA75 /* TencentOpenAPI.framework in Frameworks */ = {isa = PBXBuildFile; fileRef = 14E1C1C523FD2B9800DAAA75 /* TencentOpenAPI.framework */; };
		14E1C1F923FD2B9800DAAA75 /* RNWorkdata.db in Resources */ = {isa = PBXBuildFile; fileRef = 14E1C1C723FD2B9800DAAA75 /* RNWorkdata.db */; };
		14E1C1FB23FD2B9800DAAA75 /* close-white@3x.png in Resources */ = {isa = PBXBuildFile; fileRef = 14E1C1C923FD2B9800DAAA75 /* close-white@3x.png */; };
		14E1C1FC23FD2B9800DAAA75 /* rsa_public_key.pem in Resources */ = {isa = PBXBuildFile; fileRef = 14E1C1CA23FD2B9800DAAA75 /* rsa_public_key.pem */; };
		14E1C1FD23FD2B9800DAAA75 /* launchimage.png in Resources */ = {isa = PBXBuildFile; fileRef = 14E1C1CB23FD2B9800DAAA75 /* launchimage.png */; };
		14E1C1FE23FD2B9800DAAA75 /* HXPhotoPicker.bundle in Resources */ = {isa = PBXBuildFile; fileRef = 14E1C1CC23FD2B9800DAAA75 /* HXPhotoPicker.bundle */; };
		14E1C1FF23FD2B9800DAAA75 /* ProjectSetting.plist in Resources */ = {isa = PBXBuildFile; fileRef = 14E1C1CD23FD2B9800DAAA75 /* ProjectSetting.plist */; };
		14E1C20023FD2B9800DAAA75 /* back.png in Resources */ = {isa = PBXBuildFile; fileRef = 14E1C1CE23FD2B9800DAAA75 /* back.png */; };
		14E1C20123FD2B9800DAAA75 /* debugimage.png in Resources */ = {isa = PBXBuildFile; fileRef = 14E1C1CF23FD2B9800DAAA75 /* debugimage.png */; };
		14E1C20223FD2B9800DAAA75 /* ca.cer in Resources */ = {isa = PBXBuildFile; fileRef = 14E1C1D023FD2B9800DAAA75 /* ca.cer */; };
		14E1C20323FD2B9800DAAA75 /* RunLogPlugin.m in Sources */ = {isa = PBXBuildFile; fileRef = 14E1C1D423FD2B9800DAAA75 /* RunLogPlugin.m */; };
		14E1C20423FD2B9800DAAA75 /* bus.getXmReport.json in Resources */ = {isa = PBXBuildFile; fileRef = 14E1C1D523FD2B9800DAAA75 /* bus.getXmReport.json */; };
		14E1C20523FD2B9800DAAA75 /* bus.getXmHisReport.json in Resources */ = {isa = PBXBuildFile; fileRef = 14E1C1D623FD2B9800DAAA75 /* bus.getXmHisReport.json */; };
		14E1C20623FD2B9800DAAA75 /* XZHPlugin.m in Sources */ = {isa = PBXBuildFile; fileRef = 14E1C1D823FD2B9800DAAA75 /* XZHPlugin.m */; };
		14E1C20723FD2B9800DAAA75 /* RNSplashScreen.m in Sources */ = {isa = PBXBuildFile; fileRef = 14E1C1D923FD2B9800DAAA75 /* RNSplashScreen.m */; };
		14E1C20823FD2B9800DAAA75 /* JFRNMainViewController.m in Sources */ = {isa = PBXBuildFile; fileRef = 14E1C1DB23FD2B9800DAAA75 /* JFRNMainViewController.m */; };
		14E1C20923FD2B9800DAAA75 /* bus.comItService.json in Resources */ = {isa = PBXBuildFile; fileRef = 14E1C1DC23FD2B9800DAAA75 /* bus.comItService.json */; };
		14E1C20B23FD2C5300DAAA75 /* ReactNativeBundle in Resources */ = {isa = PBXBuildFile; fileRef = 14E1C20A23FD2C5300DAAA75 /* ReactNativeBundle */; };
		14E1C20D23FD2C6B00DAAA75 /* config.xml in Resources */ = {isa = PBXBuildFile; fileRef = 14E1C20C23FD2C6B00DAAA75 /* config.xml */; };
		14E1C21123FE609600DAAA75 /* LaunchScreen.storyboard in Resources */ = {isa = PBXBuildFile; fileRef = 14E1C21023FE609600DAAA75 /* LaunchScreen.storyboard */; };
		21A81C5730554CB29FDD80D0 /* libContact.a in Frameworks */ = {isa = PBXBuildFile; fileRef = A0311E257F5240059389A350 /* libContact.a */; };
		2BAFF42AE2074685859DAC65 /* libPwdLockPlugin.a in Frameworks */ = {isa = PBXBuildFile; fileRef = FCC31B17C32E4037BD72EC52 /* libPwdLockPlugin.a */; };
		2F118217817B43C6A8E21ADA /* libMailList.a in Frameworks */ = {isa = PBXBuildFile; fileRef = 98A05E1C7E2C438F9C76E32A /* libMailList.a */; };
		331B987912004C5693C73B57 /* libMedia.a in Frameworks */ = {isa = PBXBuildFile; fileRef = 0F3BB9E2F9994092BFB29924 /* libMedia.a */; };
		4CB900D7581A40779BC9FCFB /* libLocationPlugin.a in Frameworks */ = {isa = PBXBuildFile; fileRef = 2D084F646AC643EAB91F922A /* libLocationPlugin.a */; };
		58CA038A4A8442AF8DEE4E63 /* libMediaModule.a in Frameworks */ = {isa = PBXBuildFile; fileRef = EA2C2735944C4739B5D27C3D /* libMediaModule.a */; };
		5A20541AAFE3459589EEB5C3 /* libStatistics.a in Frameworks */ = {isa = PBXBuildFile; fileRef = 21953796B9044B00B6D99AB4 /* libStatistics.a */; };
		5D8CDD2411F54F889C7A2EAF /* libCalendar.a in Frameworks */ = {isa = PBXBuildFile; fileRef = 180585BE429E40CCBA4A8824 /* libCalendar.a */; };
		5FED0638C76F884A6CF52AD6 /* libPods-RNProject.a in Frameworks */ = {isa = PBXBuildFile; fileRef = 5B45A2A944B6B3EE2E6AF63E /* libPods-RNProject.a */; };
		604417A8642D4759A38F0F91 /* libmediaPlay.a in Frameworks */ = {isa = PBXBuildFile; fileRef = E3305F331C5540CA8C41D875 /* libmediaPlay.a */; };
		6865C32608D944CC8EDAB6F0 /* libHGBNotificationPlugin.a in Frameworks */ = {isa = PBXBuildFile; fileRef = 8AAFE923B33449F68AC93979 /* libHGBNotificationPlugin.a */; };
		6B5EDC622FC54075B08AB5B7 /* libBlueToothPlugin.a in Frameworks */ = {isa = PBXBuildFile; fileRef = 44DF626EE9B04333A55A9D67 /* libBlueToothPlugin.a */; };
		71A1CA12032A468286C08ED9 /* libDevicePlugin.a in Frameworks */ = {isa = PBXBuildFile; fileRef = 4E6CDA0D5C84442A965BED1F /* libDevicePlugin.a */; };
		74C2404F32E94F82B12BB880 /* libNetWorkPlugin.a in Frameworks */ = {isa = PBXBuildFile; fileRef = 7BC392B513F94E419570AD56 /* libNetWorkPlugin.a */; };
		783B6A7ACF1C4397A6C8B12E /* libScanPlugin.a in Frameworks */ = {isa = PBXBuildFile; fileRef = 770BC5C094284DA4A9F9B5C3 /* libScanPlugin.a */; };
		8A13A2C2DD274DD4A70DFB11 /* libPhotosManage.a in Frameworks */ = {isa = PBXBuildFile; fileRef = 03FE97AB883946A98E6FAE96 /* libPhotosManage.a */; };
		9C6F400CF6744DB4B21A7B2A /* libWebview.a in Frameworks */ = {isa = PBXBuildFile; fileRef = B8AE4DC810AD4F0F9744F057 /* libWebview.a */; };
		A2DA1089E429479C97361C9F /* libCustomKeyboard.a in Frameworks */ = {isa = PBXBuildFile; fileRef = 9C5F0D19FC5E46CFB05E53B2 /* libCustomKeyboard.a */; };
		A4B333C9273F414DACFE381D /* libRecordAudio.a in Frameworks */ = {isa = PBXBuildFile; fileRef = B026C6CEE0014980B28BE7A9 /* libRecordAudio.a */; };
		A55CF65D0BC94D74A11BE2E2 /* libMicroApplicationPlugin.a in Frameworks */ = {isa = PBXBuildFile; fileRef = 79ABA8DFDE3D474F9B4401E1 /* libMicroApplicationPlugin.a */; };
		A797DA7497EC4FEFAA8963B0 /* libDataBasePlugin.a in Frameworks */ = {isa = PBXBuildFile; fileRef = 6E5360D0249D436BA48FDFE9 /* libDataBasePlugin.a */; };
		A8FE944EBA5D4C1690EFA44A /* libFileManager.a in Frameworks */ = {isa = PBXBuildFile; fileRef = C6CBF380AC284852A7D880CD /* libFileManager.a */; };
		DEA4A6BDC2F94478B1F4D009 /* libSharePlugin.a in Frameworks */ = {isa = PBXBuildFile; fileRef = C604DABEA8ED484B903C64B6 /* libSharePlugin.a */; };
/* End PBXBuildFile section */

/* Begin PBXContainerItemProxy section */
		14BF259124163DA5008F5B41 /* PBXContainerItemProxy */ = {
			isa = PBXContainerItemProxy;
			containerPortal = A82F87973CEF49528BADE773 /* BlueToothPlugin.xcodeproj */;
			proxyType = 2;
			remoteGlobalIDString = F3F06CD5204D256300E526DD;
			remoteInfo = BlueToothPlugin;
		};
		14BF259624163DA5008F5B41 /* PBXContainerItemProxy */ = {
			isa = PBXContainerItemProxy;
			containerPortal = 38B973C7D0B0462B872BDF5E /* SharePlugin.xcodeproj */;
			proxyType = 2;
			remoteGlobalIDString = 4017BB1A2070CC2F005D5763;
			remoteInfo = SharePlugin;
		};
		14BF259B24163DA5008F5B41 /* PBXContainerItemProxy */ = {
			isa = PBXContainerItemProxy;
			containerPortal = CADF725E7D7943B79E4B76D3 /* Webview.xcodeproj */;
			proxyType = 2;
			remoteGlobalIDString = 54B8624C204D32FB0052D7D7;
			remoteInfo = Webview;
		};
		14BF25A024163DA5008F5B41 /* PBXContainerItemProxy */ = {
			isa = PBXContainerItemProxy;
			containerPortal = 42C5F6CAD4274D91912757F5 /* PwdLockPlugin.xcodeproj */;
			proxyType = 2;
			remoteGlobalIDString = F342D4032043E47E00FA04E1;
			remoteInfo = PwdLockPlugin;
		};
		14BF25A524163DA5008F5B41 /* PBXContainerItemProxy */ = {
			isa = PBXContainerItemProxy;
			containerPortal = 495EA31936C444FE8F6849D1 /* Calendar.xcodeproj */;
			proxyType = 2;
			remoteGlobalIDString = 54BFE8AB202433EB002A989B;
			remoteInfo = Calendar;
		};
		14BF25AA24163DA5008F5B41 /* PBXContainerItemProxy */ = {
			isa = PBXContainerItemProxy;
			containerPortal = 05C2C22FB7434BC896A52D8A /* mediaPlay.xcodeproj */;
			proxyType = 2;
			remoteGlobalIDString = 4073BC5720AD3171001D7A93;
			remoteInfo = mediaPlay;
		};
		14BF25AF24163DA5008F5B41 /* PBXContainerItemProxy */ = {
			isa = PBXContainerItemProxy;
			containerPortal = 7C66C8B4F6774F71AB46EE5D /* FileManager.xcodeproj */;
			proxyType = 2;
			remoteGlobalIDString = 145D023A22B25A1900EADC6E;
			remoteInfo = FileManager;
		};
		14BF25B424163DA5008F5B41 /* PBXContainerItemProxy */ = {
			isa = PBXContainerItemProxy;
			containerPortal = 39EA664187B04436977F27E7 /* MailList.xcodeproj */;
			proxyType = 2;
			remoteGlobalIDString = 405FE389202AE9230045BAB3;
			remoteInfo = MailList;
		};
		14BF25B924163DA5008F5B41 /* PBXContainerItemProxy */ = {
			isa = PBXContainerItemProxy;
			containerPortal = 6833ADC34A8045E8994D753F /* MediaModule.xcodeproj */;
			proxyType = 2;
			remoteGlobalIDString = 5452921E205650360048E895;
			remoteInfo = MediaModule;
		};
		14BF25BE24163DA5008F5B41 /* PBXContainerItemProxy */ = {
			isa = PBXContainerItemProxy;
			containerPortal = 53D77E89BCF44898AC21ABE9 /* Media.xcodeproj */;
			proxyType = 2;
			remoteGlobalIDString = 842A7B5F20EF165C005DB091;
			remoteInfo = Media;
		};
		14BF25C324163DA5008F5B41 /* PBXContainerItemProxy */ = {
			isa = PBXContainerItemProxy;
			containerPortal = 4EE5FD4C45734F81AFFB8341 /* RecordAudio.xcodeproj */;
			proxyType = 2;
			remoteGlobalIDString = 40775DC72057683A00F8B9ED;
			remoteInfo = RecordAudio;
		};
		14BF25C824163DA5008F5B41 /* PBXContainerItemProxy */ = {
			isa = PBXContainerItemProxy;
			containerPortal = F3BC899CDA2A4BB395A024E6 /* ScanPlugin.xcodeproj */;
			proxyType = 2;
			remoteGlobalIDString = 40C8D3C120469DA70031A829;
			remoteInfo = ScanPlugin;
		};
		14BF25CD24163DA5008F5B41 /* PBXContainerItemProxy */ = {
			isa = PBXContainerItemProxy;
			containerPortal = AE26D70A155C4AEAB6F40A86 /* PhotosManage.xcodeproj */;
			proxyType = 2;
			remoteGlobalIDString = 402B3A952044178A00908A7C;
			remoteInfo = PhotosManage;
		};
		14BF25D224163DA5008F5B41 /* PBXContainerItemProxy */ = {
			isa = PBXContainerItemProxy;
			containerPortal = A7E2FA923280459AA2678A3A /* Statistics.xcodeproj */;
			proxyType = 2;
			remoteGlobalIDString = F3A3A60A2052252100E91B61;
			remoteInfo = Statistics;
		};
		14BF25D724163DA5008F5B41 /* PBXContainerItemProxy */ = {
			isa = PBXContainerItemProxy;
			containerPortal = 11531D81DB7B47358A4C0B3C /* DevicePlugin.xcodeproj */;
			proxyType = 2;
			remoteGlobalIDString = F330ED1920A0376C00F982DD;
			remoteInfo = DevicePlugin;
		};
		14BF25DC24163DA5008F5B41 /* PBXContainerItemProxy */ = {
			isa = PBXContainerItemProxy;
			containerPortal = EFA3561CEE624798A0E1DCEE /* NetWorkPlugin.xcodeproj */;
			proxyType = 2;
			remoteGlobalIDString = F3A1BA26206C81AD0084D207;
			remoteInfo = NetWorkPlugin;
		};
		14BF25E124163DA5008F5B41 /* PBXContainerItemProxy */ = {
			isa = PBXContainerItemProxy;
			containerPortal = 4A51FACB29F4402D913E7578 /* MicroApplicationPlugin.xcodeproj */;
			proxyType = 2;
			remoteGlobalIDString = 143D556F226841C20097B739;
			remoteInfo = MicroApplicationPlugin;
		};
		14BF25E624163DA5008F5B41 /* PBXContainerItemProxy */ = {
			isa = PBXContainerItemProxy;
			containerPortal = EB7140008C58420DA3542A85 /* Contact.xcodeproj */;
			proxyType = 2;
			remoteGlobalIDString = 54B862B7204E22560052D7D7;
			remoteInfo = Contact;
		};
		14BF25EB24163DA5008F5B41 /* PBXContainerItemProxy */ = {
			isa = PBXContainerItemProxy;
			containerPortal = D92E9FE24A194306B9947509 /* CustomKeyboard.xcodeproj */;
			proxyType = 2;
			remoteGlobalIDString = 43BFE63820410A690057B2A0;
			remoteInfo = CustomKeyboard;
		};
		14BF25F024163DA5008F5B41 /* PBXContainerItemProxy */ = {
			isa = PBXContainerItemProxy;
			containerPortal = 0477A22D59384FA28CD3AF94 /* LocationPlugin.xcodeproj */;
			proxyType = 2;
			remoteGlobalIDString = 549FBC532041100300E8BF9C;
			remoteInfo = LocationPlugin;
		};
		14BF25F524163DA5008F5B41 /* PBXContainerItemProxy */ = {
			isa = PBXContainerItemProxy;
			containerPortal = 530B91ADC6D54D59B220982B /* DataBasePlugin.xcodeproj */;
			proxyType = 2;
			remoteGlobalIDString = 4326101B2048EAC200F237B8;
			remoteInfo = DataBasePlugin;
		};
		14BF25FA24163DA5008F5B41 /* PBXContainerItemProxy */ = {
			isa = PBXContainerItemProxy;
			containerPortal = F72F5D3664A4406795648E7F /* HGBNotificationPlugin.xcodeproj */;
			proxyType = 2;
			remoteGlobalIDString = 43789B39205BBBB30030113F;
			remoteInfo = HGBNotificationPlugin;
		};
/* End PBXContainerItemProxy section */

/* Begin PBXFileReference section */
		00E356F11AD99517003FC87E /* Info.plist */ = {isa = PBXFileReference; lastKnownFileType = text.plist.xml; path = Info.plist; sourceTree = "<group>"; };
		00E356F21AD99517003FC87E /* RNProjectTests.m */ = {isa = PBXFileReference; lastKnownFileType = sourcecode.c.objc; path = RNProjectTests.m; sourceTree = "<group>"; };
		03FE97AB883946A98E6FAE96 /* libPhotosManage.a */ = {isa = PBXFileReference; explicitFileType = undefined; fileEncoding = 9; includeInIndex = 0; lastKnownFileType = archive.ar; path = libPhotosManage.a; sourceTree = "<group>"; };
		0477A22D59384FA28CD3AF94 /* LocationPlugin.xcodeproj */ = {isa = PBXFileReference; explicitFileType = undefined; fileEncoding = 9; includeInIndex = 0; lastKnownFileType = "wrapper.pb-project"; name = LocationPlugin.xcodeproj; path = "../node_modules/react-native-locationplugin/iOS/LocationPlugin.xcodeproj"; sourceTree = "<group>"; };
		05C2C22FB7434BC896A52D8A /* mediaPlay.xcodeproj */ = {isa = PBXFileReference; explicitFileType = undefined; fileEncoding = 9; includeInIndex = 0; lastKnownFileType = "wrapper.pb-project"; name = mediaPlay.xcodeproj; path = "../node_modules/react-native-mediaplay/iOS/mediaPlay.xcodeproj"; sourceTree = "<group>"; };
		0F3BB9E2F9994092BFB29924 /* libMedia.a */ = {isa = PBXFileReference; explicitFileType = undefined; fileEncoding = 9; includeInIndex = 0; lastKnownFileType = archive.ar; path = libMedia.a; sourceTree = "<group>"; };
		11531D81DB7B47358A4C0B3C /* DevicePlugin.xcodeproj */ = {isa = PBXFileReference; explicitFileType = undefined; fileEncoding = 9; includeInIndex = 0; lastKnownFileType = "wrapper.pb-project"; name = DevicePlugin.xcodeproj; path = "../node_modules/react-native-deviceplugin/iOS/DevicePlugin.xcodeproj"; sourceTree = "<group>"; };
		13B07F961A680F5B00A75B9A /* RNProject.app */ = {isa = PBXFileReference; explicitFileType = wrapper.application; includeInIndex = 0; path = RNProject.app; sourceTree = BUILT_PRODUCTS_DIR; };
		13B07FAF1A68108700A75B9A /* AppDelegate.h */ = {isa = PBXFileReference; fileEncoding = 4; lastKnownFileType = sourcecode.c.h; name = AppDelegate.h; path = RNProject/AppDelegate.h; sourceTree = "<group>"; };
		13B07FB01A68108700A75B9A /* AppDelegate.m */ = {isa = PBXFileReference; fileEncoding = 4; lastKnownFileType = sourcecode.c.objc; name = AppDelegate.m; path = RNProject/AppDelegate.m; sourceTree = "<group>"; };
		13B07FB51A68108700A75B9A /* Images.xcassets */ = {isa = PBXFileReference; lastKnownFileType = folder.assetcatalog; name = Images.xcassets; path = RNProject/Images.xcassets; sourceTree = "<group>"; };
		13B07FB61A68108700A75B9A /* Info.plist */ = {isa = PBXFileReference; fileEncoding = 4; lastKnownFileType = text.plist.xml; name = Info.plist; path = RNProject/Info.plist; sourceTree = "<group>"; };
		13B07FB71A68108700A75B9A /* main.m */ = {isa = PBXFileReference; fileEncoding = 4; lastKnownFileType = sourcecode.c.objc; name = main.m; path = RNProject/main.m; sourceTree = "<group>"; };
		14E1C19A23FBB83D00DAAA75 /* Localizable_EN.strings */ = {isa = PBXFileReference; fileEncoding = 4; lastKnownFileType = text.plist.strings; name = Localizable_EN.strings; path = RNProject/Localizable_EN.strings; sourceTree = "<group>"; };
		14E1C19B23FBB83D00DAAA75 /* Localizable_SC.strings */ = {isa = PBXFileReference; fileEncoding = 4; lastKnownFileType = text.plist.strings; name = Localizable_SC.strings; path = RNProject/Localizable_SC.strings; sourceTree = "<group>"; };
		14E1C19C23FBB83D00DAAA75 /* Localizable_TC.strings */ = {isa = PBXFileReference; fileEncoding = 4; lastKnownFileType = text.plist.strings; name = Localizable_TC.strings; path = RNProject/Localizable_TC.strings; sourceTree = "<group>"; };
		14E1C1A123FD2B9700DAAA75 /* SwitchTableViewCell.m */ = {isa = PBXFileReference; fileEncoding = 4; lastKnownFileType = sourcecode.c.objc; path = SwitchTableViewCell.m; sourceTree = "<group>"; };
		14E1C1A223FD2B9700DAAA75 /* JFFailureViewController.h */ = {isa = PBXFileReference; fileEncoding = 4; lastKnownFileType = sourcecode.c.h; path = JFFailureViewController.h; sourceTree = "<group>"; };
		14E1C1A323FD2B9700DAAA75 /* JFSettingViewController.m */ = {isa = PBXFileReference; fileEncoding = 4; lastKnownFileType = sourcecode.c.objc; path = JFSettingViewController.m; sourceTree = "<group>"; };
		14E1C1A423FD2B9700DAAA75 /* ConfigTableViewCell.xib */ = {isa = PBXFileReference; fileEncoding = 4; lastKnownFileType = file.xib; path = ConfigTableViewCell.xib; sourceTree = "<group>"; };
		14E1C1A523FD2B9700DAAA75 /* ConfigTableViewCell.h */ = {isa = PBXFileReference; fileEncoding = 4; lastKnownFileType = sourcecode.c.h; path = ConfigTableViewCell.h; sourceTree = "<group>"; };
		14E1C1A623FD2B9700DAAA75 /* AppConfig.plist */ = {isa = PBXFileReference; fileEncoding = 4; lastKnownFileType = text.plist.xml; path = AppConfig.plist; sourceTree = "<group>"; };
		14E1C1A723FD2B9700DAAA75 /* JFDeveloperViewController.m */ = {isa = PBXFileReference; fileEncoding = 4; lastKnownFileType = sourcecode.c.objc; path = JFDeveloperViewController.m; sourceTree = "<group>"; };
		14E1C1A823FD2B9700DAAA75 /* AppConfigViewController.h */ = {isa = PBXFileReference; fileEncoding = 4; lastKnownFileType = sourcecode.c.h; path = AppConfigViewController.h; sourceTree = "<group>"; };
		14E1C1A923FD2B9700DAAA75 /* SwitchTableViewCell.h */ = {isa = PBXFileReference; fileEncoding = 4; lastKnownFileType = sourcecode.c.h; path = SwitchTableViewCell.h; sourceTree = "<group>"; };
		14E1C1AA23FD2B9700DAAA75 /* JFFailureViewController.m */ = {isa = PBXFileReference; fileEncoding = 4; lastKnownFileType = sourcecode.c.objc; path = JFFailureViewController.m; sourceTree = "<group>"; };
		14E1C1AB23FD2B9700DAAA75 /* JFDeveloperViewController.h */ = {isa = PBXFileReference; fileEncoding = 4; lastKnownFileType = sourcecode.c.h; path = JFDeveloperViewController.h; sourceTree = "<group>"; };
		14E1C1AC23FD2B9700DAAA75 /* ConfigTableViewCell.m */ = {isa = PBXFileReference; fileEncoding = 4; lastKnownFileType = sourcecode.c.objc; path = ConfigTableViewCell.m; sourceTree = "<group>"; };
		14E1C1AD23FD2B9700DAAA75 /* JFSettingViewController.h */ = {isa = PBXFileReference; fileEncoding = 4; lastKnownFileType = sourcecode.c.h; path = JFSettingViewController.h; sourceTree = "<group>"; };
		14E1C1AE23FD2B9700DAAA75 /* SwitchTableViewCell.xib */ = {isa = PBXFileReference; fileEncoding = 4; lastKnownFileType = file.xib; path = SwitchTableViewCell.xib; sourceTree = "<group>"; };
		14E1C1AF23FD2B9700DAAA75 /* AppConfigViewController.m */ = {isa = PBXFileReference; fileEncoding = 4; lastKnownFileType = sourcecode.c.objc; path = AppConfigViewController.m; sourceTree = "<group>"; };
		14E1C1B123FD2B9700DAAA75 /* FBYDevicetokenUpload.h */ = {isa = PBXFileReference; fileEncoding = 4; lastKnownFileType = sourcecode.c.h; path = FBYDevicetokenUpload.h; sourceTree = "<group>"; };
		14E1C1B223FD2B9700DAAA75 /* TokenManager.h */ = {isa = PBXFileReference; fileEncoding = 4; lastKnownFileType = sourcecode.c.h; path = TokenManager.h; sourceTree = "<group>"; };
		14E1C1B323FD2B9700DAAA75 /* FBYDevicetokenUpload.m */ = {isa = PBXFileReference; fileEncoding = 4; lastKnownFileType = sourcecode.c.objc; path = FBYDevicetokenUpload.m; sourceTree = "<group>"; };
		14E1C1B423FD2B9700DAAA75 /* TokenManager.m */ = {isa = PBXFileReference; fileEncoding = 4; lastKnownFileType = sourcecode.c.objc; path = TokenManager.m; sourceTree = "<group>"; };
		14E1C1B723FD2B9800DAAA75 /* faultimage.png */ = {isa = PBXFileReference; lastKnownFileType = image.png; path = faultimage.png; sourceTree = "<group>"; };
		14E1C1B823FD2B9800DAAA75 /* launchimage@2x.png */ = {isa = PBXFileReference; lastKnownFileType = image.png; path = "launchimage@2x.png"; sourceTree = "<group>"; };
		14E1C1B923FD2B9800DAAA75 /* libstdc++.6.0.9.tbd */ = {isa = PBXFileReference; fileEncoding = 4; lastKnownFileType = "sourcecode.text-based-dylib-definition"; path = "libstdc++.6.0.9.tbd"; sourceTree = "<group>"; };
		14E1C1BA23FD2B9800DAAA75 /* icon.png */ = {isa = PBXFileReference; lastKnownFileType = image.png; path = icon.png; sourceTree = "<group>"; };
		14E1C1BB23FD2B9800DAAA75 /* more-white@3x.png */ = {isa = PBXFileReference; lastKnownFileType = image.png; path = "more-white@3x.png"; sourceTree = "<group>"; };
		14E1C1BC23FD2B9800DAAA75 /* smallIcon.png */ = {isa = PBXFileReference; lastKnownFileType = image.png; path = smallIcon.png; sourceTree = "<group>"; };
		14E1C1BD23FD2B9800DAAA75 /* WeiboSDK.bundle */ = {isa = PBXFileReference; lastKnownFileType = "wrapper.plug-in"; path = WeiboSDK.bundle; sourceTree = "<group>"; };
		14E1C1BE23FD2B9800DAAA75 /* launchimage@3x.png */ = {isa = PBXFileReference; lastKnownFileType = image.png; path = "launchimage@3x.png"; sourceTree = "<group>"; };
		14E1C1BF23FD2B9800DAAA75 /* close-black@3x.png */ = {isa = PBXFileReference; lastKnownFileType = image.png; path = "close-black@3x.png"; sourceTree = "<group>"; };
		14E1C1C023FD2B9800DAAA75 /* browser.bundle */ = {isa = PBXFileReference; lastKnownFileType = "wrapper.plug-in"; path = browser.bundle; sourceTree = "<group>"; };
		14E1C1C123FD2B9800DAAA75 /* TencentOpenApi_IOS_Bundle.bundle */ = {isa = PBXFileReference; lastKnownFileType = "wrapper.plug-in"; path = TencentOpenApi_IOS_Bundle.bundle; sourceTree = "<group>"; };
		14E1C1C223FD2B9800DAAA75 /* MediaPlugin.bundle */ = {isa = PBXFileReference; lastKnownFileType = "wrapper.plug-in"; path = MediaPlugin.bundle; sourceTree = "<group>"; };
		14E1C1C323FD2B9800DAAA75 /* more-black@3x.png */ = {isa = PBXFileReference; lastKnownFileType = image.png; path = "more-black@3x.png"; sourceTree = "<group>"; };
		14E1C1C423FD2B9800DAAA75 /* anticon.ttf */ = {isa = PBXFileReference; lastKnownFileType = file; path = anticon.ttf; sourceTree = "<group>"; };
		14E1C1C523FD2B9800DAAA75 /* TencentOpenAPI.framework */ = {isa = PBXFileReference; lastKnownFileType = wrapper.framework; path = TencentOpenAPI.framework; sourceTree = "<group>"; };
		14E1C1C723FD2B9800DAAA75 /* RNWorkdata.db */ = {isa = PBXFileReference; lastKnownFileType = file; path = RNWorkdata.db; sourceTree = "<group>"; };
		14E1C1C923FD2B9800DAAA75 /* close-white@3x.png */ = {isa = PBXFileReference; lastKnownFileType = image.png; path = "close-white@3x.png"; sourceTree = "<group>"; };
		14E1C1CA23FD2B9800DAAA75 /* rsa_public_key.pem */ = {isa = PBXFileReference; fileEncoding = 4; lastKnownFileType = text; path = rsa_public_key.pem; sourceTree = "<group>"; };
		14E1C1CB23FD2B9800DAAA75 /* launchimage.png */ = {isa = PBXFileReference; lastKnownFileType = image.png; path = launchimage.png; sourceTree = "<group>"; };
		14E1C1CC23FD2B9800DAAA75 /* HXPhotoPicker.bundle */ = {isa = PBXFileReference; lastKnownFileType = "wrapper.plug-in"; path = HXPhotoPicker.bundle; sourceTree = "<group>"; };
		14E1C1CD23FD2B9800DAAA75 /* ProjectSetting.plist */ = {isa = PBXFileReference; fileEncoding = 4; lastKnownFileType = text.plist.xml; path = ProjectSetting.plist; sourceTree = "<group>"; };
		14E1C1CE23FD2B9800DAAA75 /* back.png */ = {isa = PBXFileReference; lastKnownFileType = image.png; path = back.png; sourceTree = "<group>"; };
		14E1C1CF23FD2B9800DAAA75 /* debugimage.png */ = {isa = PBXFileReference; lastKnownFileType = image.png; path = debugimage.png; sourceTree = "<group>"; };
		14E1C1D023FD2B9800DAAA75 /* ca.cer */ = {isa = PBXFileReference; lastKnownFileType = file; path = ca.cer; sourceTree = "<group>"; };
		14E1C1D223FD2B9800DAAA75 /* XZHPlugin.h */ = {isa = PBXFileReference; fileEncoding = 4; lastKnownFileType = sourcecode.c.h; path = XZHPlugin.h; sourceTree = "<group>"; };
		14E1C1D323FD2B9800DAAA75 /* RNSplashScreen.h */ = {isa = PBXFileReference; fileEncoding = 4; lastKnownFileType = sourcecode.c.h; path = RNSplashScreen.h; sourceTree = "<group>"; };
		14E1C1D423FD2B9800DAAA75 /* RunLogPlugin.m */ = {isa = PBXFileReference; fileEncoding = 4; lastKnownFileType = sourcecode.c.objc; path = RunLogPlugin.m; sourceTree = "<group>"; };
		14E1C1D523FD2B9800DAAA75 /* bus.getXmReport.json */ = {isa = PBXFileReference; fileEncoding = 4; lastKnownFileType = text.json; path = bus.getXmReport.json; sourceTree = "<group>"; };
		14E1C1D623FD2B9800DAAA75 /* bus.getXmHisReport.json */ = {isa = PBXFileReference; fileEncoding = 4; lastKnownFileType = text.json; path = bus.getXmHisReport.json; sourceTree = "<group>"; };
		14E1C1D723FD2B9800DAAA75 /* JFRNMainViewController.h */ = {isa = PBXFileReference; fileEncoding = 4; lastKnownFileType = sourcecode.c.h; path = JFRNMainViewController.h; sourceTree = "<group>"; };
		14E1C1D823FD2B9800DAAA75 /* XZHPlugin.m */ = {isa = PBXFileReference; fileEncoding = 4; lastKnownFileType = sourcecode.c.objc; path = XZHPlugin.m; sourceTree = "<group>"; };
		14E1C1D923FD2B9800DAAA75 /* RNSplashScreen.m */ = {isa = PBXFileReference; fileEncoding = 4; lastKnownFileType = sourcecode.c.objc; path = RNSplashScreen.m; sourceTree = "<group>"; };
		14E1C1DA23FD2B9800DAAA75 /* RunLogPlugin.h */ = {isa = PBXFileReference; fileEncoding = 4; lastKnownFileType = sourcecode.c.h; path = RunLogPlugin.h; sourceTree = "<group>"; };
		14E1C1DB23FD2B9800DAAA75 /* JFRNMainViewController.m */ = {isa = PBXFileReference; fileEncoding = 4; lastKnownFileType = sourcecode.c.objc; path = JFRNMainViewController.m; sourceTree = "<group>"; };
		14E1C1DC23FD2B9800DAAA75 /* bus.comItService.json */ = {isa = PBXFileReference; fileEncoding = 4; lastKnownFileType = text.json; path = bus.comItService.json; sourceTree = "<group>"; };
		14E1C20A23FD2C5300DAAA75 /* ReactNativeBundle */ = {isa = PBXFileReference; lastKnownFileType = folder; path = ReactNativeBundle; sourceTree = "<group>"; };
		14E1C20C23FD2C6B00DAAA75 /* config.xml */ = {isa = PBXFileReference; fileEncoding = 4; lastKnownFileType = text.xml; path = config.xml; sourceTree = "<group>"; };
		14E1C21023FE609600DAAA75 /* LaunchScreen.storyboard */ = {isa = PBXFileReference; fileEncoding = 4; lastKnownFileType = file.storyboard; name = LaunchScreen.storyboard; path = RNProject/LaunchScreen.storyboard; sourceTree = "<group>"; };
		180585BE429E40CCBA4A8824 /* libCalendar.a */ = {isa = PBXFileReference; explicitFileType = undefined; fileEncoding = 9; includeInIndex = 0; lastKnownFileType = archive.ar; path = libCalendar.a; sourceTree = "<group>"; };
		1C8B656EB8DEBB726EA9FECB /* libPods-RNProject-tvOSTests.a */ = {isa = PBXFileReference; explicitFileType = archive.ar; includeInIndex = 0; path = "libPods-RNProject-tvOSTests.a"; sourceTree = BUILT_PRODUCTS_DIR; };
		21953796B9044B00B6D99AB4 /* libStatistics.a */ = {isa = PBXFileReference; explicitFileType = undefined; fileEncoding = 9; includeInIndex = 0; lastKnownFileType = archive.ar; path = libStatistics.a; sourceTree = "<group>"; };
		2D084F646AC643EAB91F922A /* libLocationPlugin.a */ = {isa = PBXFileReference; explicitFileType = undefined; fileEncoding = 9; includeInIndex = 0; lastKnownFileType = archive.ar; path = libLocationPlugin.a; sourceTree = "<group>"; };
		33919A5A9CA816AB57A7F2F4 /* Pods-RNProject-tvOSTests.release.xcconfig */ = {isa = PBXFileReference; includeInIndex = 1; lastKnownFileType = text.xcconfig; name = "Pods-RNProject-tvOSTests.release.xcconfig"; path = "Target Support Files/Pods-RNProject-tvOSTests/Pods-RNProject-tvOSTests.release.xcconfig"; sourceTree = "<group>"; };
		38B973C7D0B0462B872BDF5E /* SharePlugin.xcodeproj */ = {isa = PBXFileReference; explicitFileType = undefined; fileEncoding = 9; includeInIndex = 0; lastKnownFileType = "wrapper.pb-project"; name = SharePlugin.xcodeproj; path = "../node_modules/react-native-shareplugin/iOS/SharePlugin.xcodeproj"; sourceTree = "<group>"; };
		39EA664187B04436977F27E7 /* MailList.xcodeproj */ = {isa = PBXFileReference; explicitFileType = undefined; fileEncoding = 9; includeInIndex = 0; lastKnownFileType = "wrapper.pb-project"; name = MailList.xcodeproj; path = "../node_modules/react-native-maillist/iOS/MailList.xcodeproj"; sourceTree = "<group>"; };
		3D2CC3E1CE76362F482138FD /* Pods-RNProject-tvOSTests.debug.xcconfig */ = {isa = PBXFileReference; includeInIndex = 1; lastKnownFileType = text.xcconfig; name = "Pods-RNProject-tvOSTests.debug.xcconfig"; path = "Target Support Files/Pods-RNProject-tvOSTests/Pods-RNProject-tvOSTests.debug.xcconfig"; sourceTree = "<group>"; };
		42C5F6CAD4274D91912757F5 /* PwdLockPlugin.xcodeproj */ = {isa = PBXFileReference; explicitFileType = undefined; fileEncoding = 9; includeInIndex = 0; lastKnownFileType = "wrapper.pb-project"; name = PwdLockPlugin.xcodeproj; path = "../node_modules/react-native-pwdlockplugin/ios/PwdLockPlugin.xcodeproj"; sourceTree = "<group>"; };
		44DF626EE9B04333A55A9D67 /* libBlueToothPlugin.a */ = {isa = PBXFileReference; explicitFileType = undefined; fileEncoding = 9; includeInIndex = 0; lastKnownFileType = archive.ar; path = libBlueToothPlugin.a; sourceTree = "<group>"; };
		495EA31936C444FE8F6849D1 /* Calendar.xcodeproj */ = {isa = PBXFileReference; explicitFileType = undefined; fileEncoding = 9; includeInIndex = 0; lastKnownFileType = "wrapper.pb-project"; name = Calendar.xcodeproj; path = "../node_modules/react-native-calendar/iOS/Calendar.xcodeproj"; sourceTree = "<group>"; };
		4A51FACB29F4402D913E7578 /* MicroApplicationPlugin.xcodeproj */ = {isa = PBXFileReference; explicitFileType = undefined; fileEncoding = 9; includeInIndex = 0; lastKnownFileType = "wrapper.pb-project"; name = MicroApplicationPlugin.xcodeproj; path = "../node_modules/react-native-microapplicationplugin/iOS/MicroApplicationPlugin.xcodeproj"; sourceTree = "<group>"; };
		4E6CDA0D5C84442A965BED1F /* libDevicePlugin.a */ = {isa = PBXFileReference; explicitFileType = undefined; fileEncoding = 9; includeInIndex = 0; lastKnownFileType = archive.ar; path = libDevicePlugin.a; sourceTree = "<group>"; };
		4EE5FD4C45734F81AFFB8341 /* RecordAudio.xcodeproj */ = {isa = PBXFileReference; explicitFileType = undefined; fileEncoding = 9; includeInIndex = 0; lastKnownFileType = "wrapper.pb-project"; name = RecordAudio.xcodeproj; path = "../node_modules/react-native-recordaudio/iOS/RecordAudio.xcodeproj"; sourceTree = "<group>"; };
		530B91ADC6D54D59B220982B /* DataBasePlugin.xcodeproj */ = {isa = PBXFileReference; explicitFileType = undefined; fileEncoding = 9; includeInIndex = 0; lastKnownFileType = "wrapper.pb-project"; name = DataBasePlugin.xcodeproj; path = "../node_modules/react-native-databaseplugin/ios/DataBasePlugin.xcodeproj"; sourceTree = "<group>"; };
		53D77E89BCF44898AC21ABE9 /* Media.xcodeproj */ = {isa = PBXFileReference; explicitFileType = undefined; fileEncoding = 9; includeInIndex = 0; lastKnownFileType = "wrapper.pb-project"; name = Media.xcodeproj; path = "../node_modules/react-native-media/iOS/Media.xcodeproj"; sourceTree = "<group>"; };
		5B45A2A944B6B3EE2E6AF63E /* libPods-RNProject.a */ = {isa = PBXFileReference; explicitFileType = archive.ar; includeInIndex = 0; path = "libPods-RNProject.a"; sourceTree = BUILT_PRODUCTS_DIR; };
		6320B91BB46827C90CE8D01A /* Pods-RNProjectTests.debug.xcconfig */ = {isa = PBXFileReference; includeInIndex = 1; lastKnownFileType = text.xcconfig; name = "Pods-RNProjectTests.debug.xcconfig"; path = "Target Support Files/Pods-RNProjectTests/Pods-RNProjectTests.debug.xcconfig"; sourceTree = "<group>"; };
		64806237F18170BEDD527620 /* Pods-RNProject-tvOS.release.xcconfig */ = {isa = PBXFileReference; includeInIndex = 1; lastKnownFileType = text.xcconfig; name = "Pods-RNProject-tvOS.release.xcconfig"; path = "Target Support Files/Pods-RNProject-tvOS/Pods-RNProject-tvOS.release.xcconfig"; sourceTree = "<group>"; };
		6833ADC34A8045E8994D753F /* MediaModule.xcodeproj */ = {isa = PBXFileReference; explicitFileType = undefined; fileEncoding = 9; includeInIndex = 0; lastKnownFileType = "wrapper.pb-project"; name = MediaModule.xcodeproj; path = "../node_modules/react-native-mediamodule/iOS/MediaModule.xcodeproj"; sourceTree = "<group>"; };
		6E5360D0249D436BA48FDFE9 /* libDataBasePlugin.a */ = {isa = PBXFileReference; explicitFileType = undefined; fileEncoding = 9; includeInIndex = 0; lastKnownFileType = archive.ar; path = libDataBasePlugin.a; sourceTree = "<group>"; };
		770BC5C094284DA4A9F9B5C3 /* libScanPlugin.a */ = {isa = PBXFileReference; explicitFileType = undefined; fileEncoding = 9; includeInIndex = 0; lastKnownFileType = archive.ar; path = libScanPlugin.a; sourceTree = "<group>"; };
		79ABA8DFDE3D474F9B4401E1 /* libMicroApplicationPlugin.a */ = {isa = PBXFileReference; explicitFileType = undefined; fileEncoding = 9; includeInIndex = 0; lastKnownFileType = archive.ar; path = libMicroApplicationPlugin.a; sourceTree = "<group>"; };
		7BC392B513F94E419570AD56 /* libNetWorkPlugin.a */ = {isa = PBXFileReference; explicitFileType = undefined; fileEncoding = 9; includeInIndex = 0; lastKnownFileType = archive.ar; path = libNetWorkPlugin.a; sourceTree = "<group>"; };
		7C66C8B4F6774F71AB46EE5D /* FileManager.xcodeproj */ = {isa = PBXFileReference; explicitFileType = undefined; fileEncoding = 9; includeInIndex = 0; lastKnownFileType = "wrapper.pb-project"; name = FileManager.xcodeproj; path = "../node_modules/react-native-filemanager/iOS/FileManager.xcodeproj"; sourceTree = "<group>"; };
		8AAFE923B33449F68AC93979 /* libHGBNotificationPlugin.a */ = {isa = PBXFileReference; explicitFileType = undefined; fileEncoding = 9; includeInIndex = 0; lastKnownFileType = archive.ar; path = libHGBNotificationPlugin.a; sourceTree = "<group>"; };
		964813592408A7350052BDF9 /* libGlobalContacts.a */ = {isa = PBXFileReference; explicitFileType = archive.ar; path = libGlobalContacts.a; sourceTree = BUILT_PRODUCTS_DIR; };
		98A05E1C7E2C438F9C76E32A /* libMailList.a */ = {isa = PBXFileReference; explicitFileType = undefined; fileEncoding = 9; includeInIndex = 0; lastKnownFileType = archive.ar; path = libMailList.a; sourceTree = "<group>"; };
		9C5F0D19FC5E46CFB05E53B2 /* libCustomKeyboard.a */ = {isa = PBXFileReference; explicitFileType = undefined; fileEncoding = 9; includeInIndex = 0; lastKnownFileType = archive.ar; path = libCustomKeyboard.a; sourceTree = "<group>"; };
		A0311E257F5240059389A350 /* libContact.a */ = {isa = PBXFileReference; explicitFileType = undefined; fileEncoding = 9; includeInIndex = 0; lastKnownFileType = archive.ar; path = libContact.a; sourceTree = "<group>"; };
		A7E2FA923280459AA2678A3A /* Statistics.xcodeproj */ = {isa = PBXFileReference; explicitFileType = undefined; fileEncoding = 9; includeInIndex = 0; lastKnownFileType = "wrapper.pb-project"; name = Statistics.xcodeproj; path = "../node_modules/react-native-statistics/ios/Statistics.xcodeproj"; sourceTree = "<group>"; };
		A82F87973CEF49528BADE773 /* BlueToothPlugin.xcodeproj */ = {isa = PBXFileReference; explicitFileType = undefined; fileEncoding = 9; includeInIndex = 0; lastKnownFileType = "wrapper.pb-project"; name = BlueToothPlugin.xcodeproj; path = "../node_modules/react-native-bluetoothplugin/ios/BlueToothPlugin.xcodeproj"; sourceTree = "<group>"; };
		ADAB9373359CDDBE23FBBAD3 /* libPods-RNProject-tvOS.a */ = {isa = PBXFileReference; explicitFileType = archive.ar; includeInIndex = 0; path = "libPods-RNProject-tvOS.a"; sourceTree = BUILT_PRODUCTS_DIR; };
		AE26D70A155C4AEAB6F40A86 /* PhotosManage.xcodeproj */ = {isa = PBXFileReference; explicitFileType = undefined; fileEncoding = 9; includeInIndex = 0; lastKnownFileType = "wrapper.pb-project"; name = PhotosManage.xcodeproj; path = "../node_modules/react-native-photosmanage/iOS/PhotosManage.xcodeproj"; sourceTree = "<group>"; };
		B026C6CEE0014980B28BE7A9 /* libRecordAudio.a */ = {isa = PBXFileReference; explicitFileType = undefined; fileEncoding = 9; includeInIndex = 0; lastKnownFileType = archive.ar; path = libRecordAudio.a; sourceTree = "<group>"; };
		B57F5DA3D6CEAA093035BF1E /* libPods-RNProjectTests.a */ = {isa = PBXFileReference; explicitFileType = archive.ar; includeInIndex = 0; path = "libPods-RNProjectTests.a"; sourceTree = BUILT_PRODUCTS_DIR; };
		B8AE4DC810AD4F0F9744F057 /* libWebview.a */ = {isa = PBXFileReference; explicitFileType = undefined; fileEncoding = 9; includeInIndex = 0; lastKnownFileType = archive.ar; path = libWebview.a; sourceTree = "<group>"; };
		C55885C24606F428A774F493 /* Pods-RNProject.debug.xcconfig */ = {isa = PBXFileReference; includeInIndex = 1; lastKnownFileType = text.xcconfig; name = "Pods-RNProject.debug.xcconfig"; path = "Target Support Files/Pods-RNProject/Pods-RNProject.debug.xcconfig"; sourceTree = "<group>"; };
		C604DABEA8ED484B903C64B6 /* libSharePlugin.a */ = {isa = PBXFileReference; explicitFileType = undefined; fileEncoding = 9; includeInIndex = 0; lastKnownFileType = archive.ar; path = libSharePlugin.a; sourceTree = "<group>"; };
		C6CBF380AC284852A7D880CD /* libFileManager.a */ = {isa = PBXFileReference; explicitFileType = undefined; fileEncoding = 9; includeInIndex = 0; lastKnownFileType = archive.ar; path = libFileManager.a; sourceTree = "<group>"; };
		C6E771744A11254505584930 /* Pods-RNProject-tvOS.debug.xcconfig */ = {isa = PBXFileReference; includeInIndex = 1; lastKnownFileType = text.xcconfig; name = "Pods-RNProject-tvOS.debug.xcconfig"; path = "Target Support Files/Pods-RNProject-tvOS/Pods-RNProject-tvOS.debug.xcconfig"; sourceTree = "<group>"; };
		CADF725E7D7943B79E4B76D3 /* Webview.xcodeproj */ = {isa = PBXFileReference; explicitFileType = undefined; fileEncoding = 9; includeInIndex = 0; lastKnownFileType = "wrapper.pb-project"; name = Webview.xcodeproj; path = "../node_modules/react-native-webview/iOS/Webview.xcodeproj"; sourceTree = "<group>"; };
		D92E9FE24A194306B9947509 /* CustomKeyboard.xcodeproj */ = {isa = PBXFileReference; explicitFileType = undefined; fileEncoding = 9; includeInIndex = 0; lastKnownFileType = "wrapper.pb-project"; name = CustomKeyboard.xcodeproj; path = "../node_modules/react-native-customkeyboard/ios/CustomKeyboard.xcodeproj"; sourceTree = "<group>"; };
		E3305F331C5540CA8C41D875 /* libmediaPlay.a */ = {isa = PBXFileReference; explicitFileType = undefined; fileEncoding = 9; includeInIndex = 0; lastKnownFileType = archive.ar; path = libmediaPlay.a; sourceTree = "<group>"; };
		EA2C2735944C4739B5D27C3D /* libMediaModule.a */ = {isa = PBXFileReference; explicitFileType = undefined; fileEncoding = 9; includeInIndex = 0; lastKnownFileType = archive.ar; path = libMediaModule.a; sourceTree = "<group>"; };
		EB7140008C58420DA3542A85 /* Contact.xcodeproj */ = {isa = PBXFileReference; explicitFileType = undefined; fileEncoding = 9; includeInIndex = 0; lastKnownFileType = "wrapper.pb-project"; name = Contact.xcodeproj; path = "../node_modules/react-native-contact/iOS/Contact.xcodeproj"; sourceTree = "<group>"; };
		ED297162215061F000B7C4FE /* JavaScriptCore.framework */ = {isa = PBXFileReference; lastKnownFileType = wrapper.framework; name = JavaScriptCore.framework; path = System/Library/Frameworks/JavaScriptCore.framework; sourceTree = SDKROOT; };
		ED2971642150620600B7C4FE /* JavaScriptCore.framework */ = {isa = PBXFileReference; lastKnownFileType = wrapper.framework; name = JavaScriptCore.framework; path = Platforms/AppleTVOS.platform/Developer/SDKs/AppleTVOS12.0.sdk/System/Library/Frameworks/JavaScriptCore.framework; sourceTree = DEVELOPER_DIR; };
		EF71632489ACF082B13F3BC5 /* Pods-RNProjectTests.release.xcconfig */ = {isa = PBXFileReference; includeInIndex = 1; lastKnownFileType = text.xcconfig; name = "Pods-RNProjectTests.release.xcconfig"; path = "Target Support Files/Pods-RNProjectTests/Pods-RNProjectTests.release.xcconfig"; sourceTree = "<group>"; };
		EFA3561CEE624798A0E1DCEE /* NetWorkPlugin.xcodeproj */ = {isa = PBXFileReference; explicitFileType = undefined; fileEncoding = 9; includeInIndex = 0; lastKnownFileType = "wrapper.pb-project"; name = NetWorkPlugin.xcodeproj; path = "../node_modules/react-native-networkplugin/ios/NetWorkPlugin.xcodeproj"; sourceTree = "<group>"; };
		F3AA147BD0CBECB7E905990E /* Pods-RNProject.release.xcconfig */ = {isa = PBXFileReference; includeInIndex = 1; lastKnownFileType = text.xcconfig; name = "Pods-RNProject.release.xcconfig"; path = "Target Support Files/Pods-RNProject/Pods-RNProject.release.xcconfig"; sourceTree = "<group>"; };
		F3BC899CDA2A4BB395A024E6 /* ScanPlugin.xcodeproj */ = {isa = PBXFileReference; explicitFileType = undefined; fileEncoding = 9; includeInIndex = 0; lastKnownFileType = "wrapper.pb-project"; name = ScanPlugin.xcodeproj; path = "../node_modules/react-native-scanplugin/iOS/ScanPlugin.xcodeproj"; sourceTree = "<group>"; };
		F72F5D3664A4406795648E7F /* HGBNotificationPlugin.xcodeproj */ = {isa = PBXFileReference; explicitFileType = undefined; fileEncoding = 9; includeInIndex = 0; lastKnownFileType = "wrapper.pb-project"; name = HGBNotificationPlugin.xcodeproj; path = "../node_modules/react-native-notification/iOS/HGBNotificationPlugin.xcodeproj"; sourceTree = "<group>"; };
		FCC31B17C32E4037BD72EC52 /* libPwdLockPlugin.a */ = {isa = PBXFileReference; explicitFileType = undefined; fileEncoding = 9; includeInIndex = 0; lastKnownFileType = archive.ar; path = libPwdLockPlugin.a; sourceTree = "<group>"; };
/* End PBXFileReference section */

/* Begin PBXFrameworksBuildPhase section */
		13B07F8C1A680F5B00A75B9A /* Frameworks */ = {
			isa = PBXFrameworksBuildPhase;
			buildActionMask = 2147483647;
			files = (
				5FED0638C76F884A6CF52AD6 /* libPods-RNProject.a in Frameworks */,
				14E1C1F723FD2B9800DAAA75 /* TencentOpenAPI.framework in Frameworks */,
				14E1C1EB23FD2B9800DAAA75 /* libstdc++.6.0.9.tbd in Frameworks */,
				6B5EDC622FC54075B08AB5B7 /* libBlueToothPlugin.a in Frameworks */,
				5D8CDD2411F54F889C7A2EAF /* libCalendar.a in Frameworks */,
				21A81C5730554CB29FDD80D0 /* libContact.a in Frameworks */,
				A2DA1089E429479C97361C9F /* libCustomKeyboard.a in Frameworks */,
				A797DA7497EC4FEFAA8963B0 /* libDataBasePlugin.a in Frameworks */,
				71A1CA12032A468286C08ED9 /* libDevicePlugin.a in Frameworks */,
				A8FE944EBA5D4C1690EFA44A /* libFileManager.a in Frameworks */,
				4CB900D7581A40779BC9FCFB /* libLocationPlugin.a in Frameworks */,
				2F118217817B43C6A8E21ADA /* libMailList.a in Frameworks */,
				331B987912004C5693C73B57 /* libMedia.a in Frameworks */,
				58CA038A4A8442AF8DEE4E63 /* libMediaModule.a in Frameworks */,
				604417A8642D4759A38F0F91 /* libmediaPlay.a in Frameworks */,
				A55CF65D0BC94D74A11BE2E2 /* libMicroApplicationPlugin.a in Frameworks */,
				74C2404F32E94F82B12BB880 /* libNetWorkPlugin.a in Frameworks */,
				6865C32608D944CC8EDAB6F0 /* libHGBNotificationPlugin.a in Frameworks */,
				8A13A2C2DD274DD4A70DFB11 /* libPhotosManage.a in Frameworks */,
				2BAFF42AE2074685859DAC65 /* libPwdLockPlugin.a in Frameworks */,
				A4B333C9273F414DACFE381D /* libRecordAudio.a in Frameworks */,
				783B6A7ACF1C4397A6C8B12E /* libScanPlugin.a in Frameworks */,
				DEA4A6BDC2F94478B1F4D009 /* libSharePlugin.a in Frameworks */,
				5A20541AAFE3459589EEB5C3 /* libStatistics.a in Frameworks */,
				9C6F400CF6744DB4B21A7B2A /* libWebview.a in Frameworks */,
			);
			runOnlyForDeploymentPostprocessing = 0;
		};
/* End PBXFrameworksBuildPhase section */

/* Begin PBXGroup section */
		00E356EF1AD99517003FC87E /* RNProjectTests */ = {
			isa = PBXGroup;
			children = (
				00E356F21AD99517003FC87E /* RNProjectTests.m */,
				00E356F01AD99517003FC87E /* Supporting Files */,
			);
			path = RNProjectTests;
			sourceTree = "<group>";
		};
		00E356F01AD99517003FC87E /* Supporting Files */ = {
			isa = PBXGroup;
			children = (
				00E356F11AD99517003FC87E /* Info.plist */,
			);
			name = "Supporting Files";
			sourceTree = "<group>";
		};
		13B07FAE1A68108700A75B9A /* RNProject */ = {
			isa = PBXGroup;
			children = (
				14E1C20C23FD2C6B00DAAA75 /* config.xml */,
				14E1C20A23FD2C5300DAAA75 /* ReactNativeBundle */,
				13B07FAF1A68108700A75B9A /* AppDelegate.h */,
				13B07FB01A68108700A75B9A /* AppDelegate.m */,
				13B07FB51A68108700A75B9A /* Images.xcassets */,
				13B07FB61A68108700A75B9A /* Info.plist */,
				14E1C21023FE609600DAAA75 /* LaunchScreen.storyboard */,
				13B07FB71A68108700A75B9A /* main.m */,
				14E1C1A023FD2B9700DAAA75 /* Developer */,
				14E1C1D123FD2B9800DAAA75 /* Main */,
				14E1C1B523FD2B9800DAAA75 /* OtherResource */,
				14E1C1B023FD2B9700DAAA75 /* Push */,
				14E1C19A23FBB83D00DAAA75 /* Localizable_EN.strings */,
				14E1C19B23FBB83D00DAAA75 /* Localizable_SC.strings */,
				14E1C19C23FBB83D00DAAA75 /* Localizable_TC.strings */,
			);
			name = RNProject;
			sourceTree = "<group>";
		};
		14BF258E24163DA5008F5B41 /* Products */ = {
			isa = PBXGroup;
			children = (
				14BF259224163DA5008F5B41 /* libBlueToothPlugin.a */,
			);
			name = Products;
			sourceTree = "<group>";
		};
		14BF259324163DA5008F5B41 /* Products */ = {
			isa = PBXGroup;
			children = (
				14BF259724163DA5008F5B41 /* libSharePlugin.a */,
			);
			name = Products;
			sourceTree = "<group>";
		};
		14BF259824163DA5008F5B41 /* Products */ = {
			isa = PBXGroup;
			children = (
				14BF259C24163DA5008F5B41 /* libWebview.a */,
			);
			name = Products;
			sourceTree = "<group>";
		};
		14BF259D24163DA5008F5B41 /* Products */ = {
			isa = PBXGroup;
			children = (
				14BF25A124163DA5008F5B41 /* libPwdLockPlugin.a */,
			);
			name = Products;
			sourceTree = "<group>";
		};
		14BF25A224163DA5008F5B41 /* Products */ = {
			isa = PBXGroup;
			children = (
				14BF25A624163DA5008F5B41 /* libCalendar.a */,
			);
			name = Products;
			sourceTree = "<group>";
		};
		14BF25A724163DA5008F5B41 /* Products */ = {
			isa = PBXGroup;
			children = (
				14BF25AB24163DA5008F5B41 /* libmediaPlay.a */,
			);
			name = Products;
			sourceTree = "<group>";
		};
		14BF25AC24163DA5008F5B41 /* Products */ = {
			isa = PBXGroup;
			children = (
				14BF25B024163DA5008F5B41 /* libFileManager.a */,
			);
			name = Products;
			sourceTree = "<group>";
		};
		14BF25B124163DA5008F5B41 /* Products */ = {
			isa = PBXGroup;
			children = (
				14BF25B524163DA5008F5B41 /* libMailList.a */,
			);
			name = Products;
			sourceTree = "<group>";
		};
		14BF25B624163DA5008F5B41 /* Products */ = {
			isa = PBXGroup;
			children = (
				14BF25BA24163DA5008F5B41 /* libMediaModule.a */,
			);
			name = Products;
			sourceTree = "<group>";
		};
		14BF25BB24163DA5008F5B41 /* Products */ = {
			isa = PBXGroup;
			children = (
				14BF25BF24163DA5008F5B41 /* libMedia.a */,
			);
			name = Products;
			sourceTree = "<group>";
		};
		14BF25C024163DA5008F5B41 /* Products */ = {
			isa = PBXGroup;
			children = (
				14BF25C424163DA5008F5B41 /* libRecordAudio.a */,
			);
			name = Products;
			sourceTree = "<group>";
		};
		14BF25C524163DA5008F5B41 /* Products */ = {
			isa = PBXGroup;
			children = (
				14BF25C924163DA5008F5B41 /* libScanPlugin.a */,
			);
			name = Products;
			sourceTree = "<group>";
		};
		14BF25CA24163DA5008F5B41 /* Products */ = {
			isa = PBXGroup;
			children = (
				14BF25CE24163DA5008F5B41 /* libPhotosManage.a */,
			);
			name = Products;
			sourceTree = "<group>";
		};
		14BF25CF24163DA5008F5B41 /* Products */ = {
			isa = PBXGroup;
			children = (
				14BF25D324163DA5008F5B41 /* libStatistics.a */,
			);
			name = Products;
			sourceTree = "<group>";
		};
		14BF25D424163DA5008F5B41 /* Products */ = {
			isa = PBXGroup;
			children = (
				14BF25D824163DA5008F5B41 /* libDevicePlugin.a */,
			);
			name = Products;
			sourceTree = "<group>";
		};
		14BF25D924163DA5008F5B41 /* Products */ = {
			isa = PBXGroup;
			children = (
				14BF25DD24163DA5008F5B41 /* libNetWorkPlugin.a */,
			);
			name = Products;
			sourceTree = "<group>";
		};
		14BF25DE24163DA5008F5B41 /* Products */ = {
			isa = PBXGroup;
			children = (
				14BF25E224163DA5008F5B41 /* libMicroApplicationPlugin.a */,
			);
			name = Products;
			sourceTree = "<group>";
		};
		14BF25E324163DA5008F5B41 /* Products */ = {
			isa = PBXGroup;
			children = (
				14BF25E724163DA5008F5B41 /* libContact.a */,
			);
			name = Products;
			sourceTree = "<group>";
		};
		14BF25E824163DA5008F5B41 /* Products */ = {
			isa = PBXGroup;
			children = (
				14BF25EC24163DA5008F5B41 /* libCustomKeyboard.a */,
			);
			name = Products;
			sourceTree = "<group>";
		};
		14BF25ED24163DA5008F5B41 /* Products */ = {
			isa = PBXGroup;
			children = (
				14BF25F124163DA5008F5B41 /* libLocationPlugin.a */,
			);
			name = Products;
			sourceTree = "<group>";
		};
		14BF25F224163DA5008F5B41 /* Products */ = {
			isa = PBXGroup;
			children = (
				14BF25F624163DA5008F5B41 /* libDataBasePlugin.a */,
			);
			name = Products;
			sourceTree = "<group>";
		};
		14BF25F724163DA5008F5B41 /* Products */ = {
			isa = PBXGroup;
			children = (
				14BF25FB24163DA5008F5B41 /* libHGBNotificationPlugin.a */,
			);
			name = Products;
			sourceTree = "<group>";
		};
		14E1C1A023FD2B9700DAAA75 /* Developer */ = {
			isa = PBXGroup;
			children = (
				14E1C1A223FD2B9700DAAA75 /* JFFailureViewController.h */,
				14E1C1AA23FD2B9700DAAA75 /* JFFailureViewController.m */,
				14E1C1A523FD2B9700DAAA75 /* ConfigTableViewCell.h */,
				14E1C1AC23FD2B9700DAAA75 /* ConfigTableViewCell.m */,
				14E1C1A423FD2B9700DAAA75 /* ConfigTableViewCell.xib */,
				14E1C1A623FD2B9700DAAA75 /* AppConfig.plist */,
				14E1C1AB23FD2B9700DAAA75 /* JFDeveloperViewController.h */,
				14E1C1A723FD2B9700DAAA75 /* JFDeveloperViewController.m */,
				14E1C1A923FD2B9700DAAA75 /* SwitchTableViewCell.h */,
				14E1C1A123FD2B9700DAAA75 /* SwitchTableViewCell.m */,
				14E1C1AE23FD2B9700DAAA75 /* SwitchTableViewCell.xib */,
				14E1C1AD23FD2B9700DAAA75 /* JFSettingViewController.h */,
				14E1C1A323FD2B9700DAAA75 /* JFSettingViewController.m */,
				14E1C1A823FD2B9700DAAA75 /* AppConfigViewController.h */,
				14E1C1AF23FD2B9700DAAA75 /* AppConfigViewController.m */,
			);
			name = Developer;
			path = RNProject/Developer;
			sourceTree = "<group>";
		};
		14E1C1B023FD2B9700DAAA75 /* Push */ = {
			isa = PBXGroup;
			children = (
				14E1C1B123FD2B9700DAAA75 /* FBYDevicetokenUpload.h */,
				14E1C1B323FD2B9700DAAA75 /* FBYDevicetokenUpload.m */,
				14E1C1B223FD2B9700DAAA75 /* TokenManager.h */,
				14E1C1B423FD2B9700DAAA75 /* TokenManager.m */,
			);
			name = Push;
			path = RNProject/Push;
			sourceTree = "<group>";
		};
		14E1C1B523FD2B9800DAAA75 /* OtherResource */ = {
			isa = PBXGroup;
			children = (
				14E1C1B723FD2B9800DAAA75 /* faultimage.png */,
				14E1C1CF23FD2B9800DAAA75 /* debugimage.png */,
				14E1C1CB23FD2B9800DAAA75 /* launchimage.png */,
				14E1C1B823FD2B9800DAAA75 /* launchimage@2x.png */,
				14E1C1BE23FD2B9800DAAA75 /* launchimage@3x.png */,
				14E1C1B923FD2B9800DAAA75 /* libstdc++.6.0.9.tbd */,
				14E1C1BA23FD2B9800DAAA75 /* icon.png */,
				14E1C1C923FD2B9800DAAA75 /* close-white@3x.png */,
				14E1C1BF23FD2B9800DAAA75 /* close-black@3x.png */,
				14E1C1C323FD2B9800DAAA75 /* more-black@3x.png */,
				14E1C1BB23FD2B9800DAAA75 /* more-white@3x.png */,
				14E1C1BC23FD2B9800DAAA75 /* smallIcon.png */,
				14E1C1BD23FD2B9800DAAA75 /* WeiboSDK.bundle */,
				14E1C1C023FD2B9800DAAA75 /* browser.bundle */,
				14E1C1C123FD2B9800DAAA75 /* TencentOpenApi_IOS_Bundle.bundle */,
				14E1C1C223FD2B9800DAAA75 /* MediaPlugin.bundle */,
				14E1C1C423FD2B9800DAAA75 /* anticon.ttf */,
				14E1C1C523FD2B9800DAAA75 /* TencentOpenAPI.framework */,
				14E1C1C723FD2B9800DAAA75 /* RNWorkdata.db */,
				14E1C1CA23FD2B9800DAAA75 /* rsa_public_key.pem */,
				14E1C1CC23FD2B9800DAAA75 /* HXPhotoPicker.bundle */,
				14E1C1CD23FD2B9800DAAA75 /* ProjectSetting.plist */,
				14E1C1CE23FD2B9800DAAA75 /* back.png */,
				14E1C1D023FD2B9800DAAA75 /* ca.cer */,
			);
			name = OtherResource;
			path = RNProject/OtherResource;
			sourceTree = "<group>";
		};
		14E1C1D123FD2B9800DAAA75 /* Main */ = {
			isa = PBXGroup;
			children = (
				14E1C1D223FD2B9800DAAA75 /* XZHPlugin.h */,
				14E1C1D823FD2B9800DAAA75 /* XZHPlugin.m */,
				14E1C1D323FD2B9800DAAA75 /* RNSplashScreen.h */,
				14E1C1D923FD2B9800DAAA75 /* RNSplashScreen.m */,
				14E1C1D723FD2B9800DAAA75 /* JFRNMainViewController.h */,
				14E1C1DB23FD2B9800DAAA75 /* JFRNMainViewController.m */,
				14E1C1DA23FD2B9800DAAA75 /* RunLogPlugin.h */,
				14E1C1D423FD2B9800DAAA75 /* RunLogPlugin.m */,
				14E1C1D523FD2B9800DAAA75 /* bus.getXmReport.json */,
				14E1C1D623FD2B9800DAAA75 /* bus.getXmHisReport.json */,
				14E1C1DC23FD2B9800DAAA75 /* bus.comItService.json */,
			);
			name = Main;
			path = RNProject/Main;
			sourceTree = "<group>";
		};
		14E6E7822404B7F20039CF30 /* Recovered References */ = {
			isa = PBXGroup;
			children = (
				44DF626EE9B04333A55A9D67 /* libBlueToothPlugin.a */,
				180585BE429E40CCBA4A8824 /* libCalendar.a */,
				A0311E257F5240059389A350 /* libContact.a */,
				9C5F0D19FC5E46CFB05E53B2 /* libCustomKeyboard.a */,
				6E5360D0249D436BA48FDFE9 /* libDataBasePlugin.a */,
				4E6CDA0D5C84442A965BED1F /* libDevicePlugin.a */,
				C6CBF380AC284852A7D880CD /* libFileManager.a */,
				2D084F646AC643EAB91F922A /* libLocationPlugin.a */,
				98A05E1C7E2C438F9C76E32A /* libMailList.a */,
				0F3BB9E2F9994092BFB29924 /* libMedia.a */,
				EA2C2735944C4739B5D27C3D /* libMediaModule.a */,
				E3305F331C5540CA8C41D875 /* libmediaPlay.a */,
				79ABA8DFDE3D474F9B4401E1 /* libMicroApplicationPlugin.a */,
				7BC392B513F94E419570AD56 /* libNetWorkPlugin.a */,
				8AAFE923B33449F68AC93979 /* libHGBNotificationPlugin.a */,
				03FE97AB883946A98E6FAE96 /* libPhotosManage.a */,
				FCC31B17C32E4037BD72EC52 /* libPwdLockPlugin.a */,
				B026C6CEE0014980B28BE7A9 /* libRecordAudio.a */,
				770BC5C094284DA4A9F9B5C3 /* libScanPlugin.a */,
				C604DABEA8ED484B903C64B6 /* libSharePlugin.a */,
				21953796B9044B00B6D99AB4 /* libStatistics.a */,
				B8AE4DC810AD4F0F9744F057 /* libWebview.a */,
			);
			name = "Recovered References";
			sourceTree = "<group>";
		};
		2D16E6871FA4F8E400B85C8A /* Frameworks */ = {
			isa = PBXGroup;
			children = (
				964813592408A7350052BDF9 /* libGlobalContacts.a */,
				ED297162215061F000B7C4FE /* JavaScriptCore.framework */,
				ED2971642150620600B7C4FE /* JavaScriptCore.framework */,
				5B45A2A944B6B3EE2E6AF63E /* libPods-RNProject.a */,
				ADAB9373359CDDBE23FBBAD3 /* libPods-RNProject-tvOS.a */,
				1C8B656EB8DEBB726EA9FECB /* libPods-RNProject-tvOSTests.a */,
				B57F5DA3D6CEAA093035BF1E /* libPods-RNProjectTests.a */,
			);
			name = Frameworks;
			sourceTree = "<group>";
		};
		5BE3F420023F4587C215302C /* Pods */ = {
			isa = PBXGroup;
			children = (
				C55885C24606F428A774F493 /* Pods-RNProject.debug.xcconfig */,
				F3AA147BD0CBECB7E905990E /* Pods-RNProject.release.xcconfig */,
				C6E771744A11254505584930 /* Pods-RNProject-tvOS.debug.xcconfig */,
				64806237F18170BEDD527620 /* Pods-RNProject-tvOS.release.xcconfig */,
				3D2CC3E1CE76362F482138FD /* Pods-RNProject-tvOSTests.debug.xcconfig */,
				33919A5A9CA816AB57A7F2F4 /* Pods-RNProject-tvOSTests.release.xcconfig */,
				6320B91BB46827C90CE8D01A /* Pods-RNProjectTests.debug.xcconfig */,
				EF71632489ACF082B13F3BC5 /* Pods-RNProjectTests.release.xcconfig */,
			);
			path = Pods;
			sourceTree = "<group>";
		};
		832341AE1AAA6A7D00B99B32 /* Libraries */ = {
			isa = PBXGroup;
			children = (
				A82F87973CEF49528BADE773 /* BlueToothPlugin.xcodeproj */,
				495EA31936C444FE8F6849D1 /* Calendar.xcodeproj */,
				EB7140008C58420DA3542A85 /* Contact.xcodeproj */,
				D92E9FE24A194306B9947509 /* CustomKeyboard.xcodeproj */,
				530B91ADC6D54D59B220982B /* DataBasePlugin.xcodeproj */,
				11531D81DB7B47358A4C0B3C /* DevicePlugin.xcodeproj */,
				7C66C8B4F6774F71AB46EE5D /* FileManager.xcodeproj */,
				0477A22D59384FA28CD3AF94 /* LocationPlugin.xcodeproj */,
				39EA664187B04436977F27E7 /* MailList.xcodeproj */,
				53D77E89BCF44898AC21ABE9 /* Media.xcodeproj */,
				6833ADC34A8045E8994D753F /* MediaModule.xcodeproj */,
				05C2C22FB7434BC896A52D8A /* mediaPlay.xcodeproj */,
				4A51FACB29F4402D913E7578 /* MicroApplicationPlugin.xcodeproj */,
				EFA3561CEE624798A0E1DCEE /* NetWorkPlugin.xcodeproj */,
				F72F5D3664A4406795648E7F /* HGBNotificationPlugin.xcodeproj */,
				AE26D70A155C4AEAB6F40A86 /* PhotosManage.xcodeproj */,
				42C5F6CAD4274D91912757F5 /* PwdLockPlugin.xcodeproj */,
				4EE5FD4C45734F81AFFB8341 /* RecordAudio.xcodeproj */,
				F3BC899CDA2A4BB395A024E6 /* ScanPlugin.xcodeproj */,
				38B973C7D0B0462B872BDF5E /* SharePlugin.xcodeproj */,
				A7E2FA923280459AA2678A3A /* Statistics.xcodeproj */,
				CADF725E7D7943B79E4B76D3 /* Webview.xcodeproj */,
			);
			name = Libraries;
			sourceTree = "<group>";
		};
		83CBB9F61A601CBA00E9B192 = {
			isa = PBXGroup;
			children = (
				13B07FAE1A68108700A75B9A /* RNProject */,
				832341AE1AAA6A7D00B99B32 /* Libraries */,
				00E356EF1AD99517003FC87E /* RNProjectTests */,
				83CBBA001A601CBA00E9B192 /* Products */,
				2D16E6871FA4F8E400B85C8A /* Frameworks */,
				5BE3F420023F4587C215302C /* Pods */,
				14E6E7822404B7F20039CF30 /* Recovered References */,
			);
			indentWidth = 2;
			sourceTree = "<group>";
			tabWidth = 2;
			usesTabs = 0;
		};
		83CBBA001A601CBA00E9B192 /* Products */ = {
			isa = PBXGroup;
			children = (
				13B07F961A680F5B00A75B9A /* RNProject.app */,
			);
			name = Products;
			sourceTree = "<group>";
		};
/* End PBXGroup section */

/* Begin PBXNativeTarget section */
		13B07F861A680F5B00A75B9A /* RNProject */ = {
			isa = PBXNativeTarget;
			buildConfigurationList = 13B07F931A680F5B00A75B9A /* Build configuration list for PBXNativeTarget "RNProject" */;
			buildPhases = (
				DB17B6FA58100D951B73B7EB /* [CP] Check Pods Manifest.lock */,
				FD10A7F022414F080027D42C /* Start Packager */,
				13B07F871A680F5B00A75B9A /* Sources */,
				13B07F8C1A680F5B00A75B9A /* Frameworks */,
				13B07F8E1A680F5B00A75B9A /* Resources */,
				00DD1BFF1BD5951E006B06BC /* Bundle React Native code and images */,
			);
			buildRules = (
			);
			dependencies = (
			);
			name = RNProject;
			productName = RNProject;
			productReference = 13B07F961A680F5B00A75B9A /* RNProject.app */;
			productType = "com.apple.product-type.application";
		};
/* End PBXNativeTarget section */

/* Begin PBXProject section */
		83CBB9F71A601CBA00E9B192 /* Project object */ = {
			isa = PBXProject;
			attributes = {
				LastUpgradeCheck = 940;
				ORGANIZATIONNAME = Facebook;
				TargetAttributes = {
					13B07F861A680F5B00A75B9A = {
						DevelopmentTeam = C86RN5RXW8;
						ProvisioningStyle = Manual;
					};
				};
			};
			buildConfigurationList = 83CBB9FA1A601CBA00E9B192 /* Build configuration list for PBXProject "RNProject" */;
			compatibilityVersion = "Xcode 3.2";
			developmentRegion = English;
			hasScannedForEncodings = 0;
			knownRegions = (
				English,
				en,
				Base,
			);
			mainGroup = 83CBB9F61A601CBA00E9B192;
			productRefGroup = 83CBBA001A601CBA00E9B192 /* Products */;
			projectDirPath = "";
			projectReferences = (
				{
					ProductGroup = 14BF258E24163DA5008F5B41 /* Products */;
					ProjectRef = A82F87973CEF49528BADE773 /* BlueToothPlugin.xcodeproj */;
				},
				{
					ProductGroup = 14BF25A224163DA5008F5B41 /* Products */;
					ProjectRef = 495EA31936C444FE8F6849D1 /* Calendar.xcodeproj */;
				},
				{
					ProductGroup = 14BF25E324163DA5008F5B41 /* Products */;
					ProjectRef = EB7140008C58420DA3542A85 /* Contact.xcodeproj */;
				},
				{
					ProductGroup = 14BF25E824163DA5008F5B41 /* Products */;
					ProjectRef = D92E9FE24A194306B9947509 /* CustomKeyboard.xcodeproj */;
				},
				{
					ProductGroup = 14BF25F224163DA5008F5B41 /* Products */;
					ProjectRef = 530B91ADC6D54D59B220982B /* DataBasePlugin.xcodeproj */;
				},
				{
					ProductGroup = 14BF25D424163DA5008F5B41 /* Products */;
					ProjectRef = 11531D81DB7B47358A4C0B3C /* DevicePlugin.xcodeproj */;
				},
				{
					ProductGroup = 14BF25AC24163DA5008F5B41 /* Products */;
					ProjectRef = 7C66C8B4F6774F71AB46EE5D /* FileManager.xcodeproj */;
				},
				{
					ProductGroup = 14BF25F724163DA5008F5B41 /* Products */;
					ProjectRef = F72F5D3664A4406795648E7F /* HGBNotificationPlugin.xcodeproj */;
				},
				{
					ProductGroup = 14BF25ED24163DA5008F5B41 /* Products */;
					ProjectRef = 0477A22D59384FA28CD3AF94 /* LocationPlugin.xcodeproj */;
				},
				{
					ProductGroup = 14BF25B124163DA5008F5B41 /* Products */;
					ProjectRef = 39EA664187B04436977F27E7 /* MailList.xcodeproj */;
				},
				{
					ProductGroup = 14BF25BB24163DA5008F5B41 /* Products */;
					ProjectRef = 53D77E89BCF44898AC21ABE9 /* Media.xcodeproj */;
				},
				{
					ProductGroup = 14BF25B624163DA5008F5B41 /* Products */;
					ProjectRef = 6833ADC34A8045E8994D753F /* MediaModule.xcodeproj */;
				},
				{
					ProductGroup = 14BF25A724163DA5008F5B41 /* Products */;
					ProjectRef = 05C2C22FB7434BC896A52D8A /* mediaPlay.xcodeproj */;
				},
				{
					ProductGroup = 14BF25DE24163DA5008F5B41 /* Products */;
					ProjectRef = 4A51FACB29F4402D913E7578 /* MicroApplicationPlugin.xcodeproj */;
				},
				{
					ProductGroup = 14BF25D924163DA5008F5B41 /* Products */;
					ProjectRef = EFA3561CEE624798A0E1DCEE /* NetWorkPlugin.xcodeproj */;
				},
				{
					ProductGroup = 14BF25CA24163DA5008F5B41 /* Products */;
					ProjectRef = AE26D70A155C4AEAB6F40A86 /* PhotosManage.xcodeproj */;
				},
				{
					ProductGroup = 14BF259D24163DA5008F5B41 /* Products */;
					ProjectRef = 42C5F6CAD4274D91912757F5 /* PwdLockPlugin.xcodeproj */;
				},
				{
					ProductGroup = 14BF25C024163DA5008F5B41 /* Products */;
					ProjectRef = 4EE5FD4C45734F81AFFB8341 /* RecordAudio.xcodeproj */;
				},
				{
					ProductGroup = 14BF25C524163DA5008F5B41 /* Products */;
					ProjectRef = F3BC899CDA2A4BB395A024E6 /* ScanPlugin.xcodeproj */;
				},
				{
					ProductGroup = 14BF259324163DA5008F5B41 /* Products */;
					ProjectRef = 38B973C7D0B0462B872BDF5E /* SharePlugin.xcodeproj */;
				},
				{
					ProductGroup = 14BF25CF24163DA5008F5B41 /* Products */;
					ProjectRef = A7E2FA923280459AA2678A3A /* Statistics.xcodeproj */;
				},
				{
					ProductGroup = 14BF259824163DA5008F5B41 /* Products */;
					ProjectRef = CADF725E7D7943B79E4B76D3 /* Webview.xcodeproj */;
				},
			);
			projectRoot = "";
			targets = (
				13B07F861A680F5B00A75B9A /* RNProject */,
			);
		};
/* End PBXProject section */

/* Begin PBXReferenceProxy section */
		14BF259224163DA5008F5B41 /* libBlueToothPlugin.a */ = {
			isa = PBXReferenceProxy;
			fileType = archive.ar;
			path = libBlueToothPlugin.a;
			remoteRef = 14BF259124163DA5008F5B41 /* PBXContainerItemProxy */;
			sourceTree = BUILT_PRODUCTS_DIR;
		};
		14BF259724163DA5008F5B41 /* libSharePlugin.a */ = {
			isa = PBXReferenceProxy;
			fileType = archive.ar;
			path = libSharePlugin.a;
			remoteRef = 14BF259624163DA5008F5B41 /* PBXContainerItemProxy */;
			sourceTree = BUILT_PRODUCTS_DIR;
		};
		14BF259C24163DA5008F5B41 /* libWebview.a */ = {
			isa = PBXReferenceProxy;
			fileType = archive.ar;
			path = libWebview.a;
			remoteRef = 14BF259B24163DA5008F5B41 /* PBXContainerItemProxy */;
			sourceTree = BUILT_PRODUCTS_DIR;
		};
		14BF25A124163DA5008F5B41 /* libPwdLockPlugin.a */ = {
			isa = PBXReferenceProxy;
			fileType = archive.ar;
			path = libPwdLockPlugin.a;
			remoteRef = 14BF25A024163DA5008F5B41 /* PBXContainerItemProxy */;
			sourceTree = BUILT_PRODUCTS_DIR;
		};
		14BF25A624163DA5008F5B41 /* libCalendar.a */ = {
			isa = PBXReferenceProxy;
			fileType = archive.ar;
			path = libCalendar.a;
			remoteRef = 14BF25A524163DA5008F5B41 /* PBXContainerItemProxy */;
			sourceTree = BUILT_PRODUCTS_DIR;
		};
		14BF25AB24163DA5008F5B41 /* libmediaPlay.a */ = {
			isa = PBXReferenceProxy;
			fileType = archive.ar;
			path = libmediaPlay.a;
			remoteRef = 14BF25AA24163DA5008F5B41 /* PBXContainerItemProxy */;
			sourceTree = BUILT_PRODUCTS_DIR;
		};
		14BF25B024163DA5008F5B41 /* libFileManager.a */ = {
			isa = PBXReferenceProxy;
			fileType = archive.ar;
			path = libFileManager.a;
			remoteRef = 14BF25AF24163DA5008F5B41 /* PBXContainerItemProxy */;
			sourceTree = BUILT_PRODUCTS_DIR;
		};
		14BF25B524163DA5008F5B41 /* libMailList.a */ = {
			isa = PBXReferenceProxy;
			fileType = archive.ar;
			path = libMailList.a;
			remoteRef = 14BF25B424163DA5008F5B41 /* PBXContainerItemProxy */;
			sourceTree = BUILT_PRODUCTS_DIR;
		};
		14BF25BA24163DA5008F5B41 /* libMediaModule.a */ = {
			isa = PBXReferenceProxy;
			fileType = archive.ar;
			path = libMediaModule.a;
			remoteRef = 14BF25B924163DA5008F5B41 /* PBXContainerItemProxy */;
			sourceTree = BUILT_PRODUCTS_DIR;
		};
		14BF25BF24163DA5008F5B41 /* libMedia.a */ = {
			isa = PBXReferenceProxy;
			fileType = archive.ar;
			path = libMedia.a;
			remoteRef = 14BF25BE24163DA5008F5B41 /* PBXContainerItemProxy */;
			sourceTree = BUILT_PRODUCTS_DIR;
		};
		14BF25C424163DA5008F5B41 /* libRecordAudio.a */ = {
			isa = PBXReferenceProxy;
			fileType = archive.ar;
			path = libRecordAudio.a;
			remoteRef = 14BF25C324163DA5008F5B41 /* PBXContainerItemProxy */;
			sourceTree = BUILT_PRODUCTS_DIR;
		};
		14BF25C924163DA5008F5B41 /* libScanPlugin.a */ = {
			isa = PBXReferenceProxy;
			fileType = archive.ar;
			path = libScanPlugin.a;
			remoteRef = 14BF25C824163DA5008F5B41 /* PBXContainerItemProxy */;
			sourceTree = BUILT_PRODUCTS_DIR;
		};
		14BF25CE24163DA5008F5B41 /* libPhotosManage.a */ = {
			isa = PBXReferenceProxy;
			fileType = archive.ar;
			path = libPhotosManage.a;
			remoteRef = 14BF25CD24163DA5008F5B41 /* PBXContainerItemProxy */;
			sourceTree = BUILT_PRODUCTS_DIR;
		};
		14BF25D324163DA5008F5B41 /* libStatistics.a */ = {
			isa = PBXReferenceProxy;
			fileType = archive.ar;
			path = libStatistics.a;
			remoteRef = 14BF25D224163DA5008F5B41 /* PBXContainerItemProxy */;
			sourceTree = BUILT_PRODUCTS_DIR;
		};
		14BF25D824163DA5008F5B41 /* libDevicePlugin.a */ = {
			isa = PBXReferenceProxy;
			fileType = archive.ar;
			path = libDevicePlugin.a;
			remoteRef = 14BF25D724163DA5008F5B41 /* PBXContainerItemProxy */;
			sourceTree = BUILT_PRODUCTS_DIR;
		};
		14BF25DD24163DA5008F5B41 /* libNetWorkPlugin.a */ = {
			isa = PBXReferenceProxy;
			fileType = archive.ar;
			path = libNetWorkPlugin.a;
			remoteRef = 14BF25DC24163DA5008F5B41 /* PBXContainerItemProxy */;
			sourceTree = BUILT_PRODUCTS_DIR;
		};
		14BF25E224163DA5008F5B41 /* libMicroApplicationPlugin.a */ = {
			isa = PBXReferenceProxy;
			fileType = archive.ar;
			path = libMicroApplicationPlugin.a;
			remoteRef = 14BF25E124163DA5008F5B41 /* PBXContainerItemProxy */;
			sourceTree = BUILT_PRODUCTS_DIR;
		};
		14BF25E724163DA5008F5B41 /* libContact.a */ = {
			isa = PBXReferenceProxy;
			fileType = archive.ar;
			path = libContact.a;
			remoteRef = 14BF25E624163DA5008F5B41 /* PBXContainerItemProxy */;
			sourceTree = BUILT_PRODUCTS_DIR;
		};
		14BF25EC24163DA5008F5B41 /* libCustomKeyboard.a */ = {
			isa = PBXReferenceProxy;
			fileType = archive.ar;
			path = libCustomKeyboard.a;
			remoteRef = 14BF25EB24163DA5008F5B41 /* PBXContainerItemProxy */;
			sourceTree = BUILT_PRODUCTS_DIR;
		};
		14BF25F124163DA5008F5B41 /* libLocationPlugin.a */ = {
			isa = PBXReferenceProxy;
			fileType = archive.ar;
			path = libLocationPlugin.a;
			remoteRef = 14BF25F024163DA5008F5B41 /* PBXContainerItemProxy */;
			sourceTree = BUILT_PRODUCTS_DIR;
		};
		14BF25F624163DA5008F5B41 /* libDataBasePlugin.a */ = {
			isa = PBXReferenceProxy;
			fileType = archive.ar;
			path = libDataBasePlugin.a;
			remoteRef = 14BF25F524163DA5008F5B41 /* PBXContainerItemProxy */;
			sourceTree = BUILT_PRODUCTS_DIR;
		};
		14BF25FB24163DA5008F5B41 /* libHGBNotificationPlugin.a */ = {
			isa = PBXReferenceProxy;
			fileType = archive.ar;
			path = libHGBNotificationPlugin.a;
			remoteRef = 14BF25FA24163DA5008F5B41 /* PBXContainerItemProxy */;
			sourceTree = BUILT_PRODUCTS_DIR;
		};
/* End PBXReferenceProxy section */

/* Begin PBXResourcesBuildPhase section */
		13B07F8E1A680F5B00A75B9A /* Resources */ = {
			isa = PBXResourcesBuildPhase;
			buildActionMask = 2147483647;
			files = (
				14E1C19F23FBB83D00DAAA75 /* Localizable_TC.strings in Resources */,
				14E1C1F123FD2B9800DAAA75 /* close-black@3x.png in Resources */,
				13B07FBF1A68108700A75B9A /* Images.xcassets in Resources */,
				14E1C1F623FD2B9800DAAA75 /* anticon.ttf in Resources */,
				14E1C1EF23FD2B9800DAAA75 /* WeiboSDK.bundle in Resources */,
				14E1C19E23FBB83D00DAAA75 /* Localizable_SC.strings in Resources */,
				14E1C1FD23FD2B9800DAAA75 /* launchimage.png in Resources */,
				14E1C1F523FD2B9800DAAA75 /* more-black@3x.png in Resources */,
				14E1C1E923FD2B9800DAAA75 /* faultimage.png in Resources */,
				14E1C20423FD2B9800DAAA75 /* bus.getXmReport.json in Resources */,
				14E1C20123FD2B9800DAAA75 /* debugimage.png in Resources */,
				14E1C1EA23FD2B9800DAAA75 /* launchimage@2x.png in Resources */,
				14E1C20B23FD2C5300DAAA75 /* ReactNativeBundle in Resources */,
				14E1C20923FD2B9800DAAA75 /* bus.comItService.json in Resources */,
				14E1C1E023FD2B9800DAAA75 /* AppConfig.plist in Resources */,
				14E1C1DF23FD2B9800DAAA75 /* ConfigTableViewCell.xib in Resources */,
				14E1C1FE23FD2B9800DAAA75 /* HXPhotoPicker.bundle in Resources */,
				14E1C20223FD2B9800DAAA75 /* ca.cer in Resources */,
				14E1C1F323FD2B9800DAAA75 /* TencentOpenApi_IOS_Bundle.bundle in Resources */,
				14E1C1FC23FD2B9800DAAA75 /* rsa_public_key.pem in Resources */,
				14E1C1EE23FD2B9800DAAA75 /* smallIcon.png in Resources */,
				14E1C1EC23FD2B9800DAAA75 /* icon.png in Resources */,
				14E1C21123FE609600DAAA75 /* LaunchScreen.storyboard in Resources */,
				14E1C1F223FD2B9800DAAA75 /* browser.bundle in Resources */,
				14E1C1E423FD2B9800DAAA75 /* SwitchTableViewCell.xib in Resources */,
				14E1C1ED23FD2B9800DAAA75 /* more-white@3x.png in Resources */,
				14E1C1F423FD2B9800DAAA75 /* MediaPlugin.bundle in Resources */,
				14E1C1F023FD2B9800DAAA75 /* launchimage@3x.png in Resources */,
				14E1C20523FD2B9800DAAA75 /* bus.getXmHisReport.json in Resources */,
				14E1C1F923FD2B9800DAAA75 /* RNWorkdata.db in Resources */,
				14E1C20D23FD2C6B00DAAA75 /* config.xml in Resources */,
				14E1C20023FD2B9800DAAA75 /* back.png in Resources */,
				14E1C1FB23FD2B9800DAAA75 /* close-white@3x.png in Resources */,
				14E1C19D23FBB83D00DAAA75 /* Localizable_EN.strings in Resources */,
				14E1C1FF23FD2B9800DAAA75 /* ProjectSetting.plist in Resources */,
			);
			runOnlyForDeploymentPostprocessing = 0;
		};
/* End PBXResourcesBuildPhase section */

/* Begin PBXShellScriptBuildPhase section */
		00DD1BFF1BD5951E006B06BC /* Bundle React Native code and images */ = {
			isa = PBXShellScriptBuildPhase;
			buildActionMask = 2147483647;
			files = (
			);
			inputPaths = (
			);
			name = "Bundle React Native code and images";
			outputPaths = (
			);
			runOnlyForDeploymentPostprocessing = 0;
			shellPath = /bin/sh;
			shellScript = "export NODE_BINARY=node\n../node_modules/react-native/scripts/react-native-xcode.sh\n";
		};
		DB17B6FA58100D951B73B7EB /* [CP] Check Pods Manifest.lock */ = {
			isa = PBXShellScriptBuildPhase;
			buildActionMask = 2147483647;
			files = (
			);
			inputFileListPaths = (
			);
			inputPaths = (
				"${PODS_PODFILE_DIR_PATH}/Podfile.lock",
				"${PODS_ROOT}/Manifest.lock",
			);
			name = "[CP] Check Pods Manifest.lock";
			outputFileListPaths = (
			);
			outputPaths = (
				"$(DERIVED_FILE_DIR)/Pods-RNProject-checkManifestLockResult.txt",
			);
			runOnlyForDeploymentPostprocessing = 0;
			shellPath = /bin/sh;
			shellScript = "diff \"${PODS_PODFILE_DIR_PATH}/Podfile.lock\" \"${PODS_ROOT}/Manifest.lock\" > /dev/null\nif [ $? != 0 ] ; then\n    # print error to STDERR\n    echo \"error: The sandbox is not in sync with the Podfile.lock. Run 'pod install' or update your CocoaPods installation.\" >&2\n    exit 1\nfi\n# This output is used by Xcode 'outputs' to avoid re-running this script phase.\necho \"SUCCESS\" > \"${SCRIPT_OUTPUT_FILE_0}\"\n";
			showEnvVarsInLog = 0;
		};
		FD10A7F022414F080027D42C /* Start Packager */ = {
			isa = PBXShellScriptBuildPhase;
			buildActionMask = 2147483647;
			files = (
			);
			inputFileListPaths = (
			);
			inputPaths = (
			);
			name = "Start Packager";
			outputFileListPaths = (
			);
			outputPaths = (
			);
			runOnlyForDeploymentPostprocessing = 0;
			shellPath = /bin/sh;
			shellScript = "export RCT_METRO_PORT=\"${RCT_METRO_PORT:=8081}\"\necho \"export RCT_METRO_PORT=${RCT_METRO_PORT}\" > \"${SRCROOT}/../node_modules/react-native/scripts/.packager.env\"\nif [ -z \"${RCT_NO_LAUNCH_PACKAGER+xxx}\" ] ; then\n  if nc -w 5 -z localhost ${RCT_METRO_PORT} ; then\n    if ! curl -s \"http://localhost:${RCT_METRO_PORT}/status\" | grep -q \"packager-status:running\" ; then\n      echo \"Port ${RCT_METRO_PORT} already in use, packager is either not running or not running correctly\"\n      exit 2\n    fi\n  else\n    open \"$SRCROOT/../node_modules/react-native/scripts/launchPackager.command\" || echo \"Can't start packager automatically\"\n  fi\nfi\n";
			showEnvVarsInLog = 0;
		};
/* End PBXShellScriptBuildPhase section */

/* Begin PBXSourcesBuildPhase section */
		13B07F871A680F5B00A75B9A /* Sources */ = {
			isa = PBXSourcesBuildPhase;
			buildActionMask = 2147483647;
			files = (
				13B07FBC1A68108700A75B9A /* AppDelegate.m in Sources */,
				14E1C20823FD2B9800DAAA75 /* JFRNMainViewController.m in Sources */,
				14E1C1DE23FD2B9800DAAA75 /* JFSettingViewController.m in Sources */,
				14E1C1E523FD2B9800DAAA75 /* AppConfigViewController.m in Sources */,
				14E1C20623FD2B9800DAAA75 /* XZHPlugin.m in Sources */,
				14E1C1E623FD2B9800DAAA75 /* FBYDevicetokenUpload.m in Sources */,
				14E1C20723FD2B9800DAAA75 /* RNSplashScreen.m in Sources */,
				14E1C1E123FD2B9800DAAA75 /* JFDeveloperViewController.m in Sources */,
				14E1C20323FD2B9800DAAA75 /* RunLogPlugin.m in Sources */,
				14E1C1E723FD2B9800DAAA75 /* TokenManager.m in Sources */,
				14E1C1E323FD2B9800DAAA75 /* ConfigTableViewCell.m in Sources */,
				14E1C1DD23FD2B9800DAAA75 /* SwitchTableViewCell.m in Sources */,
				13B07FC11A68108700A75B9A /* main.m in Sources */,
				14E1C1E223FD2B9800DAAA75 /* JFFailureViewController.m in Sources */,
			);
			runOnlyForDeploymentPostprocessing = 0;
		};
/* End PBXSourcesBuildPhase section */

/* Begin XCBuildConfiguration section */
		13B07F941A680F5B00A75B9A /* Debug */ = {
			isa = XCBuildConfiguration;
			baseConfigurationReference = C55885C24606F428A774F493 /* Pods-RNProject.debug.xcconfig */;
			buildSettings = {
				ASSETCATALOG_COMPILER_APPICON_NAME = AppIcon;
				CODE_SIGN_IDENTITY = "iPhone Distribution";
				CODE_SIGN_STYLE = Manual;
				CURRENT_PROJECT_VERSION = 1;
				DEAD_CODE_STRIPPING = NO;
				DEVELOPMENT_TEAM = C86RN5RXW8;
				ENABLE_BITCODE = NO;
				FRAMEWORK_SEARCH_PATHS = (
					"$(inherited)",
					"$(PROJECT_DIR)/RNProject/OtherResource",
				);
				GCC_PREPROCESSOR_DEFINITIONS = (
					"$(inherited)",
					"COCOAPODS=1",
					"$(inherited)",
					"SQLITE_HAS_CODEC=1",
					"BASE=1",
				);
				HEADER_SEARCH_PATHS = (
					"$(inherited)",
					"$(SRCROOT)/../node_modules/react-native-bluetoothplugin/ios/BlueToothPlugin",
					"$(SRCROOT)/../node_modules/react-native-calendar/iOS/Calendar",
					"$(SRCROOT)/../node_modules/react-native-contact/iOS/Contact",
					"$(SRCROOT)/../node_modules/react-native-customkeyboard/ios/CustomKeyboard/CustomKeyBord/**",
					"$(SRCROOT)/../node_modules/react-native-databaseplugin/ios/DataBasePlugin",
					"$(SRCROOT)/../node_modules/react-native-deviceplugin/iOS/DevicePlugin",
					"$(SRCROOT)/../node_modules/react-native-filemanager/iOS/FileManager",
					"$(SRCROOT)/../node_modules/react-native-locationplugin/iOS/LocationPlugin",
					"$(SRCROOT)/../node_modules/react-native-maillist/iOS/MailList",
					"$(SRCROOT)/../node_modules/react-native-media/iOS/Media",
					"$(SRCROOT)/../node_modules/react-native-mediamodule/iOS/MediaModule",
					"$(SRCROOT)/../node_modules/react-native-mediaplay/iOS/mediaPlay",
					"$(SRCROOT)/../node_modules/react-native-microapplicationplugin/iOS/MicroApplicationPlugin",
					"$(SRCROOT)/../node_modules/react-native-networkplugin/ios/NetWorkPlugin/**",
					"$(SRCROOT)/../node_modules/react-native-notification/iOS/HGBNotificationPlugin/**",
					"$(SRCROOT)/../node_modules/react-native-photosmanage/iOS/PhotosManage/**",
					"$(SRCROOT)/../node_modules/react-native-pwdlockplugin/ios/PwdLockPlugin/**",
					"$(SRCROOT)/../node_modules/react-native-recordaudio/iOS/RecordAudio/**",
					"$(SRCROOT)/../node_modules/react-native-scanplugin/iOS/ScanPlugin",
					"$(SRCROOT)/../node_modules/react-native-shareplugin/iOS/SharePlugin/**",
					"$(SRCROOT)/../node_modules/react-native-statistics/ios/Statistics/**",
					"$(SRCROOT)/../node_modules/react-native-webview/iOS/Webview",
				);
				INFOPLIST_FILE = RNProject/Info.plist;
				LD_RUNPATH_SEARCH_PATHS = "$(inherited) @executable_path/Frameworks";
				LIBRARY_SEARCH_PATHS = (
					"$(inherited)",
					"$(PROJECT_DIR)/RNProject/OtherResource",
					"\"$(SRCROOT)/RNProject\"",
					"\"$(SRCROOT)/RNProject\"",
					"\"$(SRCROOT)/RNProject\"",
					"\"$(SRCROOT)/RNProject\"",
					"\"$(SRCROOT)/RNProject\"",
					"\"$(SRCROOT)/RNProject\"",
					"\"$(SRCROOT)/RNProject\"",
					"\"$(SRCROOT)/RNProject\"",
					"\"$(SRCROOT)/RNProject\"",
					"\"$(SRCROOT)/RNProject\"",
					"\"$(SRCROOT)/RNProject\"",
					"\"$(SRCROOT)/RNProject\"",
					"\"$(SRCROOT)/RNProject\"",
					"\"$(SRCROOT)/RNProject\"",
					"\"$(SRCROOT)/RNProject\"",
					"\"$(SRCROOT)/RNProject\"",
					"\"$(SRCROOT)/RNProject\"",
					"\"$(SRCROOT)/RNProject\"",
					"\"$(SRCROOT)/RNProject\"",
					"\"$(SRCROOT)/RNProject\"",
					"\"$(SRCROOT)/RNProject\"",
					"\"$(SRCROOT)/RNProject\"",
				);
				MARKETING_VERSION = 1.0.0;
				OTHER_LDFLAGS = (
					"$(inherited)",
					"-ObjC",
					"-lc++",
				);
				PRODUCT_BUNDLE_IDENTIFIER = com.cib.cap4mdebugger;
				PRODUCT_NAME = RNProject;
				PROVISIONING_PROFILE_SPECIFIER = cap4mdebugger_Dis_Profile;
				VERSIONING_SYSTEM = "apple-generic";
			};
			name = Debug;
		};
		13B07F951A680F5B00A75B9A /* Release */ = {
			isa = XCBuildConfiguration;
			baseConfigurationReference = F3AA147BD0CBECB7E905990E /* Pods-RNProject.release.xcconfig */;
			buildSettings = {
				ASSETCATALOG_COMPILER_APPICON_NAME = AppIcon;
				CODE_SIGN_IDENTITY = "iPhone Distribution";
				CODE_SIGN_STYLE = Manual;
				CURRENT_PROJECT_VERSION = 1;
				DEVELOPMENT_TEAM = C86RN5RXW8;
				ENABLE_BITCODE = NO;
				FRAMEWORK_SEARCH_PATHS = (
					"$(inherited)",
					"$(PROJECT_DIR)/RNProject/OtherResource",
				);
				GCC_PREPROCESSOR_DEFINITIONS = (
					"$(inherited)",
					"COCOAPODS=1",
					"$(inherited)",
					"SQLITE_HAS_CODEC=1",
				);
				HEADER_SEARCH_PATHS = (
					"$(inherited)",
					"$(SRCROOT)/../node_modules/react-native-bluetoothplugin/ios/BlueToothPlugin",
					"$(SRCROOT)/../node_modules/react-native-calendar/iOS/Calendar",
					"$(SRCROOT)/../node_modules/react-native-contact/iOS/Contact",
					"$(SRCROOT)/../node_modules/react-native-customkeyboard/ios/CustomKeyboard/CustomKeyBord/**",
					"$(SRCROOT)/../node_modules/react-native-databaseplugin/ios/DataBasePlugin",
					"$(SRCROOT)/../node_modules/react-native-deviceplugin/iOS/DevicePlugin",
					"$(SRCROOT)/../node_modules/react-native-filemanager/iOS/FileManager",
					"$(SRCROOT)/../node_modules/react-native-locationplugin/iOS/LocationPlugin",
					"$(SRCROOT)/../node_modules/react-native-maillist/iOS/MailList",
					"$(SRCROOT)/../node_modules/react-native-media/iOS/Media",
					"$(SRCROOT)/../node_modules/react-native-mediamodule/iOS/MediaModule",
					"$(SRCROOT)/../node_modules/react-native-mediaplay/iOS/mediaPlay",
					"$(SRCROOT)/../node_modules/react-native-microapplicationplugin/iOS/MicroApplicationPlugin",
					"$(SRCROOT)/../node_modules/react-native-networkplugin/ios/NetWorkPlugin/**",
					"$(SRCROOT)/../node_modules/react-native-notification/iOS/HGBNotificationPlugin/**",
					"$(SRCROOT)/../node_modules/react-native-photosmanage/iOS/PhotosManage/**",
					"$(SRCROOT)/../node_modules/react-native-pwdlockplugin/ios/PwdLockPlugin/**",
					"$(SRCROOT)/../node_modules/react-native-recordaudio/iOS/RecordAudio/**",
					"$(SRCROOT)/../node_modules/react-native-scanplugin/iOS/ScanPlugin",
					"$(SRCROOT)/../node_modules/react-native-shareplugin/iOS/SharePlugin/**",
					"$(SRCROOT)/../node_modules/react-native-statistics/ios/Statistics/**",
					"$(SRCROOT)/../node_modules/react-native-webview/iOS/Webview",
				);
				INFOPLIST_FILE = RNProject/Info.plist;
				LD_RUNPATH_SEARCH_PATHS = "$(inherited) @executable_path/Frameworks";
				LIBRARY_SEARCH_PATHS = (
					"$(inherited)",
					"$(PROJECT_DIR)/RNProject/OtherResource",
					"\"$(SRCROOT)/RNProject\"",
					"\"$(SRCROOT)/RNProject\"",
					"\"$(SRCROOT)/RNProject\"",
					"\"$(SRCROOT)/RNProject\"",
					"\"$(SRCROOT)/RNProject\"",
					"\"$(SRCROOT)/RNProject\"",
					"\"$(SRCROOT)/RNProject\"",
					"\"$(SRCROOT)/RNProject\"",
					"\"$(SRCROOT)/RNProject\"",
					"\"$(SRCROOT)/RNProject\"",
					"\"$(SRCROOT)/RNProject\"",
					"\"$(SRCROOT)/RNProject\"",
					"\"$(SRCROOT)/RNProject\"",
					"\"$(SRCROOT)/RNProject\"",
					"\"$(SRCROOT)/RNProject\"",
					"\"$(SRCROOT)/RNProject\"",
					"\"$(SRCROOT)/RNProject\"",
					"\"$(SRCROOT)/RNProject\"",
					"\"$(SRCROOT)/RNProject\"",
					"\"$(SRCROOT)/RNProject\"",
					"\"$(SRCROOT)/RNProject\"",
					"\"$(SRCROOT)/RNProject\"",
				);
				MARKETING_VERSION = 1.0.0;
				OTHER_LDFLAGS = (
					"$(inherited)",
					"-ObjC",
					"-lc++",
				);
				PRODUCT_BUNDLE_IDENTIFIER = com.cib.cap4mdebugger;
				PRODUCT_NAME = RNProject;
				PROVISIONING_PROFILE_SPECIFIER = cap4mdebugger_Dis_Profile;
				VERSIONING_SYSTEM = "apple-generic";
			};
			name = Release;
		};
		83CBBA201A601CBA00E9B192 /* Debug */ = {
			isa = XCBuildConfiguration;
			buildSettings = {
				ALWAYS_SEARCH_USER_PATHS = NO;
				CLANG_CXX_LANGUAGE_STANDARD = "gnu++0x";
				CLANG_CXX_LIBRARY = "libc++";
				CLANG_ENABLE_MODULES = YES;
				CLANG_ENABLE_OBJC_ARC = YES;
				CLANG_WARN_BLOCK_CAPTURE_AUTORELEASING = YES;
				CLANG_WARN_BOOL_CONVERSION = YES;
				CLANG_WARN_COMMA = YES;
				CLANG_WARN_CONSTANT_CONVERSION = YES;
				CLANG_WARN_DEPRECATED_OBJC_IMPLEMENTATIONS = YES;
				CLANG_WARN_DIRECT_OBJC_ISA_USAGE = YES_ERROR;
				CLANG_WARN_EMPTY_BODY = YES;
				CLANG_WARN_ENUM_CONVERSION = YES;
				CLANG_WARN_INFINITE_RECURSION = YES;
				CLANG_WARN_INT_CONVERSION = YES;
				CLANG_WARN_NON_LITERAL_NULL_CONVERSION = YES;
				CLANG_WARN_OBJC_IMPLICIT_RETAIN_SELF = YES;
				CLANG_WARN_OBJC_LITERAL_CONVERSION = YES;
				CLANG_WARN_OBJC_ROOT_CLASS = YES_ERROR;
				CLANG_WARN_RANGE_LOOP_ANALYSIS = YES;
				CLANG_WARN_STRICT_PROTOTYPES = YES;
				CLANG_WARN_SUSPICIOUS_MOVE = YES;
				CLANG_WARN_UNREACHABLE_CODE = YES;
				CLANG_WARN__DUPLICATE_METHOD_MATCH = YES;
				"CODE_SIGN_IDENTITY[sdk=iphoneos*]" = "iPhone Developer";
				COPY_PHASE_STRIP = NO;
				ENABLE_STRICT_OBJC_MSGSEND = YES;
				ENABLE_TESTABILITY = YES;
				GCC_C_LANGUAGE_STANDARD = gnu99;
				GCC_DYNAMIC_NO_PIC = NO;
				GCC_NO_COMMON_BLOCKS = YES;
				GCC_OPTIMIZATION_LEVEL = 0;
				GCC_PREPROCESSOR_DEFINITIONS = (
					"DEBUG=1",
					"$(inherited)",
				);
				GCC_SYMBOLS_PRIVATE_EXTERN = NO;
				GCC_WARN_64_TO_32_BIT_CONVERSION = YES;
				GCC_WARN_ABOUT_RETURN_TYPE = YES_ERROR;
				GCC_WARN_UNDECLARED_SELECTOR = YES;
				GCC_WARN_UNINITIALIZED_AUTOS = YES_AGGRESSIVE;
				GCC_WARN_UNUSED_FUNCTION = YES;
				GCC_WARN_UNUSED_VARIABLE = YES;
				IPHONEOS_DEPLOYMENT_TARGET = 9.0;
				MTL_ENABLE_DEBUG_INFO = YES;
				ONLY_ACTIVE_ARCH = YES;
				SDKROOT = iphoneos;
			};
			name = Debug;
		};
		83CBBA211A601CBA00E9B192 /* Release */ = {
			isa = XCBuildConfiguration;
			buildSettings = {
				ALWAYS_SEARCH_USER_PATHS = NO;
				CLANG_CXX_LANGUAGE_STANDARD = "gnu++0x";
				CLANG_CXX_LIBRARY = "libc++";
				CLANG_ENABLE_MODULES = YES;
				CLANG_ENABLE_OBJC_ARC = YES;
				CLANG_WARN_BLOCK_CAPTURE_AUTORELEASING = YES;
				CLANG_WARN_BOOL_CONVERSION = YES;
				CLANG_WARN_COMMA = YES;
				CLANG_WARN_CONSTANT_CONVERSION = YES;
				CLANG_WARN_DEPRECATED_OBJC_IMPLEMENTATIONS = YES;
				CLANG_WARN_DIRECT_OBJC_ISA_USAGE = YES_ERROR;
				CLANG_WARN_EMPTY_BODY = YES;
				CLANG_WARN_ENUM_CONVERSION = YES;
				CLANG_WARN_INFINITE_RECURSION = YES;
				CLANG_WARN_INT_CONVERSION = YES;
				CLANG_WARN_NON_LITERAL_NULL_CONVERSION = YES;
				CLANG_WARN_OBJC_IMPLICIT_RETAIN_SELF = YES;
				CLANG_WARN_OBJC_LITERAL_CONVERSION = YES;
				CLANG_WARN_OBJC_ROOT_CLASS = YES_ERROR;
				CLANG_WARN_RANGE_LOOP_ANALYSIS = YES;
				CLANG_WARN_STRICT_PROTOTYPES = YES;
				CLANG_WARN_SUSPICIOUS_MOVE = YES;
				CLANG_WARN_UNREACHABLE_CODE = YES;
				CLANG_WARN__DUPLICATE_METHOD_MATCH = YES;
				"CODE_SIGN_IDENTITY[sdk=iphoneos*]" = "iPhone Developer";
				COPY_PHASE_STRIP = YES;
				ENABLE_NS_ASSERTIONS = NO;
				ENABLE_STRICT_OBJC_MSGSEND = YES;
				GCC_C_LANGUAGE_STANDARD = gnu99;
				GCC_NO_COMMON_BLOCKS = YES;
				GCC_WARN_64_TO_32_BIT_CONVERSION = YES;
				GCC_WARN_ABOUT_RETURN_TYPE = YES_ERROR;
				GCC_WARN_UNDECLARED_SELECTOR = YES;
				GCC_WARN_UNINITIALIZED_AUTOS = YES_AGGRESSIVE;
				GCC_WARN_UNUSED_FUNCTION = YES;
				GCC_WARN_UNUSED_VARIABLE = YES;
				IPHONEOS_DEPLOYMENT_TARGET = 9.0;
				MTL_ENABLE_DEBUG_INFO = NO;
				SDKROOT = iphoneos;
				VALIDATE_PRODUCT = YES;
			};
			name = Release;
		};
/* End XCBuildConfiguration section */

/* Begin XCConfigurationList section */
		13B07F931A680F5B00A75B9A /* Build configuration list for PBXNativeTarget "RNProject" */ = {
			isa = XCConfigurationList;
			buildConfigurations = (
				13B07F941A680F5B00A75B9A /* Debug */,
				13B07F951A680F5B00A75B9A /* Release */,
			);
			defaultConfigurationIsVisible = 0;
			defaultConfigurationName = Release;
		};
		83CBB9FA1A601CBA00E9B192 /* Build configuration list for PBXProject "RNProject" */ = {
			isa = XCConfigurationList;
			buildConfigurations = (
				83CBBA201A601CBA00E9B192 /* Debug */,
				83CBBA211A601CBA00E9B192 /* Release */,
			);
			defaultConfigurationIsVisible = 0;
			defaultConfigurationName = Release;
		};
/* End XCConfigurationList section */
	};
	rootObject = 83CBB9F71A601CBA00E9B192 /* Project object */;
}
